
Microsoft Visual Studio Solution File, Format Version 12.00
# Visual Studio Version 16
VisualStudioVersion = 16.0.33423.256
MinimumVisualStudioVersion = 10.0.40219.1
Project("{8BC9CEB8-8B4A-11D0-8D11-00A0C91BC942}") = "Behind The Runtime.Android", "Behind The Runtime.Android.vcxproj", "{B7692434-37D2-42D5-AB4F-DAACEF5E87E1}"
EndProject
Project("{8BC9CEB8-8B4A-11D0-8D11-00A0C91BC942}") = "Behind The Runtime.iOS", "Behind The Runtime.iOS.vcxproj", "{DFE3589A-1977-4DAE-B2AC-0362CB2E9FAC}"
EndProject
Project("{8BC9CEB8-8B4A-11D0-8D11-00A0C91BC942}") = "Behind The Runtime.Mac", "Behind The Runtime.Mac.vcxproj", "{B22F4078-4F96-4887-A504-40A382BB442B}"
EndProject
Project("{8BC9CEB8-8B4A-11D0-8D11-00A0C91BC942}") = "Behind The Runtime.Shared", "Behind The Runtime.Shared.vcxitems", "{25449C04-C01E-4366-B9CF-F0902E10DAD1}"
EndProject
Project("{8BC9CEB8-8B4A-11D0-8D11-00A0C91BC942}") = "Behind The Runtime.Windows", "Behind The Runtime.Windows.vcxproj", "{502257C1-DDC5-4E7C-9D92-E77120301484}"
EndProject
Global
	GlobalSection(SharedMSBuildProjectFiles) = preSolution
		Behind The Runtime.Shared.vcxitems*{b7692434-37d2-42d5-ab4f-daacef5e87e1}*SharedItemImports = 4
		Behind The Runtime.Shared.vcxitems*{dfe3589a-1977-4dae-b2ac-0362cb2e9fac}*SharedItemImports = 4
		Behind The Runtime.Shared.vcxitems*{b22f4078-4f96-4887-a504-40a382bb442b}*SharedItemImports = 4
		Behind The Runtime.Shared.vcxitems*{25449c04-c01e-4366-b9cf-f0902e10dad1}*SharedItemImports = 9
		Behind The Runtime.Shared.vcxitems*{502257c1-ddc5-4e7c-9d92-e77120301484}*SharedItemImports = 4
	EndGlobalSection
	GlobalSection(SolutionConfigurationPlatforms) = preSolution
		Debug Unicode|ARM = Debug Unicode|ARM
		Debug Unicode|ARM64 = Debug Unicode|ARM64
		Debug Unicode|x64 = Debug Unicode|x64
		Debug Unicode|x86 = Debug Unicode|x86
		Debug|ARM = Debug|ARM
		Debug|ARM64 = Debug|ARM64
		Debug|x64 = Debug|x64
		Debug|x86 = Debug|x86
		Edittime Unicode|ARM = Edittime Unicode|ARM
		Edittime Unicode|ARM64 = Edittime Unicode|ARM64
		Edittime Unicode|x64 = Edittime Unicode|x64
		Edittime Unicode|x86 = Edittime Unicode|x86
		Edittime|ARM = Edittime|ARM
		Edittime|ARM64 = Edittime|ARM64
		Edittime|x64 = Edittime|x64
		Edittime|x86 = Edittime|x86
		Runtime Unicode|ARM = Runtime Unicode|ARM
		Runtime Unicode|ARM64 = Runtime Unicode|ARM64
		Runtime Unicode|x64 = Runtime Unicode|x64
		Runtime Unicode|x86 = Runtime Unicode|x86
		Runtime|ARM = Runtime|ARM
		Runtime|ARM64 = Runtime|ARM64
		Runtime|x64 = Runtime|x64
		Runtime|x86 = Runtime|x86
	EndGlobalSection
	GlobalSection(ProjectConfigurationPlatforms) = postSolution
		{B7692434-37D2-42D5-AB4F-DAACEF5E87E1}.Debug Unicode|ARM.ActiveCfg = Debug|ARM
		{B7692434-37D2-42D5-AB4F-DAACEF5E87E1}.Debug Unicode|ARM.Build.0 = Debug|ARM
		{B7692434-37D2-42D5-AB4F-DAACEF5E87E1}.Debug Unicode|ARM64.ActiveCfg = Debug|ARM64
		{B7692434-37D2-42D5-AB4F-DAACEF5E87E1}.Debug Unicode|ARM64.Build.0 = Debug|ARM64
		{B7692434-37D2-42D5-AB4F-DAACEF5E87E1}.Debug Unicode|x64.ActiveCfg = Debug|x64
		{B7692434-37D2-42D5-AB4F-DAACEF5E87E1}.Debug Unicode|x64.Build.0 = Debug|x64
		{B7692434-37D2-42D5-AB4F-DAACEF5E87E1}.Debug Unicode|x86.ActiveCfg = Debug|x86
		{B7692434-37D2-42D5-AB4F-DAACEF5E87E1}.Debug Unicode|x86.Build.0 = Debug|x86
		{B7692434-37D2-42D5-AB4F-DAACEF5E87E1}.Debug|ARM.ActiveCfg = Debug|ARM
		{B7692434-37D2-42D5-AB4F-DAACEF5E87E1}.Debug|ARM.Build.0 = Debug|ARM
		{B7692434-37D2-42D5-AB4F-DAACEF5E87E1}.Debug|ARM64.ActiveCfg = Debug|ARM64
		{B7692434-37D2-42D5-AB4F-DAACEF5E87E1}.Debug|ARM64.Build.0 = Debug|ARM64
		{B7692434-37D2-42D5-AB4F-DAACEF5E87E1}.Debug|x64.ActiveCfg = Debug|x64
		{B7692434-37D2-42D5-AB4F-DAACEF5E87E1}.Debug|x64.Build.0 = Debug|x64
		{B7692434-37D2-42D5-AB4F-DAACEF5E87E1}.Debug|x86.ActiveCfg = Debug|x86
		{B7692434-37D2-42D5-AB4F-DAACEF5E87E1}.Debug|x86.Build.0 = Debug|x86
		{B7692434-37D2-42D5-AB4F-DAACEF5E87E1}.Edittime Unicode|ARM.ActiveCfg = Runtime|ARM
		{B7692434-37D2-42D5-AB4F-DAACEF5E87E1}.Edittime Unicode|ARM64.ActiveCfg = Runtime|ARM64
		{B7692434-37D2-42D5-AB4F-DAACEF5E87E1}.Edittime Unicode|x64.ActiveCfg = Runtime|x64
		{B7692434-37D2-42D5-AB4F-DAACEF5E87E1}.Edittime Unicode|x86.ActiveCfg = Runtime|x86
		{B7692434-37D2-42D5-AB4F-DAACEF5E87E1}.Edittime|ARM.ActiveCfg = Runtime|ARM
		{B7692434-37D2-42D5-AB4F-DAACEF5E87E1}.Edittime|ARM64.ActiveCfg = Runtime|ARM64
		{B7692434-37D2-42D5-AB4F-DAACEF5E87E1}.Edittime|x64.ActiveCfg = Runtime|x64
		{B7692434-37D2-42D5-AB4F-DAACEF5E87E1}.Edittime|x86.ActiveCfg = Runtime|x86
		{B7692434-37D2-42D5-AB4F-DAACEF5E87E1}.Runtime Unicode|ARM.ActiveCfg = Runtime|ARM
		{B7692434-37D2-42D5-AB4F-DAACEF5E87E1}.Runtime Unicode|ARM.Build.0 = Runtime|ARM
		{B7692434-37D2-42D5-AB4F-DAACEF5E87E1}.Runtime Unicode|ARM64.ActiveCfg = Runtime|ARM64
		{B7692434-37D2-42D5-AB4F-DAACEF5E87E1}.Runtime Unicode|ARM64.Build.0 = Runtime|ARM64
		{B7692434-37D2-42D5-AB4F-DAACEF5E87E1}.Runtime Unicode|x64.ActiveCfg = Runtime|x64
		{B7692434-37D2-42D5-AB4F-DAACEF5E87E1}.Runtime Unicode|x64.Build.0 = Runtime|x64
		{B7692434-37D2-42D5-AB4F-DAACEF5E87E1}.Runtime Unicode|x86.ActiveCfg = Runtime|x86
		{B7692434-37D2-42D5-AB4F-DAACEF5E87E1}.Runtime Unicode|x86.Build.0 = Runtime|x86
		{B7692434-37D2-42D5-AB4F-DAACEF5E87E1}.Runtime|ARM.ActiveCfg = Runtime|ARM
		{B7692434-37D2-42D5-AB4F-DAACEF5E87E1}.Runtime|ARM.Build.0 = Runtime|ARM
		{B7692434-37D2-42D5-AB4F-DAACEF5E87E1}.Runtime|ARM64.ActiveCfg = Runtime|ARM64
		{B7692434-37D2-42D5-AB4F-DAACEF5E87E1}.Runtime|ARM64.Build.0 = Runtime|ARM64
		{B7692434-37D2-42D5-AB4F-DAACEF5E87E1}.Runtime|x64.ActiveCfg = Runtime|x64
		{B7692434-37D2-42D5-AB4F-DAACEF5E87E1}.Runtime|x64.Build.0 = Runtime|x64
		{B7692434-37D2-42D5-AB4F-DAACEF5E87E1}.Runtime|x86.ActiveCfg = Runtime|x86
		{B7692434-37D2-42D5-AB4F-DAACEF5E87E1}.Runtime|x86.Build.0 = Runtime|x86
		{DFE3589A-1977-4DAE-B2AC-0362CB2E9FAC}.Debug Unicode|ARM.ActiveCfg = Debug|ARM
		{DFE3589A-1977-4DAE-B2AC-0362CB2E9FAC}.Debug Unicode|ARM.Build.0 = Debug|ARM
		{DFE3589A-1977-4DAE-B2AC-0362CB2E9FAC}.Debug Unicode|ARM64.ActiveCfg = Debug|ARM64
		{DFE3589A-1977-4DAE-B2AC-0362CB2E9FAC}.Debug Unicode|ARM64.Build.0 = Debug|ARM64
		{DFE3589A-1977-4DAE-B2AC-0362CB2E9FAC}.Debug Unicode|x64.ActiveCfg = Debug|x64
		{DFE3589A-1977-4DAE-B2AC-0362CB2E9FAC}.Debug Unicode|x64.Build.0 = Debug|x64
		{DFE3589A-1977-4DAE-B2AC-0362CB2E9FAC}.Debug Unicode|x86.ActiveCfg = Debug|x86
		{DFE3589A-1977-4DAE-B2AC-0362CB2E9FAC}.Debug Unicode|x86.Build.0 = Debug|x86
		{DFE3589A-1977-4DAE-B2AC-0362CB2E9FAC}.Debug|ARM.ActiveCfg = Debug|ARM
		{DFE3589A-1977-4DAE-B2AC-0362CB2E9FAC}.Debug|ARM.Build.0 = Debug|ARM
		{DFE3589A-1977-4DAE-B2AC-0362CB2E9FAC}.Debug|ARM64.ActiveCfg = Debug|ARM64
		{DFE3589A-1977-4DAE-B2AC-0362CB2E9FAC}.Debug|ARM64.Build.0 = Debug|ARM64
		{DFE3589A-1977-4DAE-B2AC-0362CB2E9FAC}.Debug|x64.ActiveCfg = Debug|x64
		{DFE3589A-1977-4DAE-B2AC-0362CB2E9FAC}.Debug|x64.Build.0 = Debug|x64
		{DFE3589A-1977-4DAE-B2AC-0362CB2E9FAC}.Debug|x86.ActiveCfg = Debug|x86
		{DFE3589A-1977-4DAE-B2AC-0362CB2E9FAC}.Debug|x86.Build.0 = Debug|x86
		{DFE3589A-1977-4DAE-B2AC-0362CB2E9FAC}.Edittime Unicode|ARM.ActiveCfg = Runtime|ARM
		{DFE3589A-1977-4DAE-B2AC-0362CB2E9FAC}.Edittime Unicode|ARM64.ActiveCfg = Runtime|ARM64
		{DFE3589A-1977-4DAE-B2AC-0362CB2E9FAC}.Edittime Unicode|x64.ActiveCfg = Runtime|x64
		{DFE3589A-1977-4DAE-B2AC-0362CB2E9FAC}.Edittime Unicode|x86.ActiveCfg = Runtime|x86
		{DFE3589A-1977-4DAE-B2AC-0362CB2E9FAC}.Edittime|ARM.ActiveCfg = Runtime|ARM
		{DFE3589A-1977-4DAE-B2AC-0362CB2E9FAC}.Edittime|ARM64.ActiveCfg = Runtime|ARM64
		{DFE3589A-1977-4DAE-B2AC-0362CB2E9FAC}.Edittime|x64.ActiveCfg = Runtime|x64
		{DFE3589A-1977-4DAE-B2AC-0362CB2E9FAC}.Edittime|x86.ActiveCfg = Runtime|x86
		{DFE3589A-1977-4DAE-B2AC-0362CB2E9FAC}.Runtime Unicode|ARM.ActiveCfg = Runtime|ARM
		{DFE3589A-1977-4DAE-B2AC-0362CB2E9FAC}.Runtime Unicode|ARM.Build.0 = Runtime|ARM
		{DFE3589A-1977-4DAE-B2AC-0362CB2E9FAC}.Runtime Unicode|ARM64.ActiveCfg = Runtime|ARM64
		{DFE3589A-1977-4DAE-B2AC-0362CB2E9FAC}.Runtime Unicode|ARM64.Build.0 = Runtime|ARM64
		{DFE3589A-1977-4DAE-B2AC-0362CB2E9FAC}.Runtime Unicode|x64.ActiveCfg = Runtime|x64
		{DFE3589A-1977-4DAE-B2AC-0362CB2E9FAC}.Runtime Unicode|x64.Build.0 = Runtime|x64
		{DFE3589A-1977-4DAE-B2AC-0362CB2E9FAC}.Runtime Unicode|x86.ActiveCfg = Runtime|x86
		{DFE3589A-1977-4DAE-B2AC-0362CB2E9FAC}.Runtime Unicode|x86.Build.0 = Runtime|x86
		{DFE3589A-1977-4DAE-B2AC-0362CB2E9FAC}.Runtime|ARM.ActiveCfg = Runtime|ARM
		{DFE3589A-1977-4DAE-B2AC-0362CB2E9FAC}.Runtime|ARM.Build.0 = Runtime|ARM
		{DFE3589A-1977-4DAE-B2AC-0362CB2E9FAC}.Runtime|ARM64.ActiveCfg = Runtime|ARM64
		{DFE3589A-1977-4DAE-B2AC-0362CB2E9FAC}.Runtime|ARM64.Build.0 = Runtime|ARM64
		{DFE3589A-1977-4DAE-B2AC-0362CB2E9FAC}.Runtime|x64.ActiveCfg = Runtime|x64
		{DFE3589A-1977-4DAE-B2AC-0362CB2E9FAC}.Runtime|x64.Build.0 = Runtime|x64
		{DFE3589A-1977-4DAE-B2AC-0362CB2E9FAC}.Runtime|x86.ActiveCfg = Runtime|x86
		{DFE3589A-1977-4DAE-B2AC-0362CB2E9FAC}.Runtime|x86.Build.0 = Runtime|x86
		{B22F4078-4F96-4887-A504-40A382BB442B}.Debug Unicode|ARM.ActiveCfg = Debug|ARM64
		{B22F4078-4F96-4887-A504-40A382BB442B}.Debug Unicode|ARM64.ActiveCfg = Debug|ARM64
		{B22F4078-4F96-4887-A504-40A382BB442B}.Debug Unicode|ARM64.Build.0 = Debug|ARM64
		{B22F4078-4F96-4887-A504-40A382BB442B}.Debug Unicode|x64.ActiveCfg = Debug|x64
		{B22F4078-4F96-4887-A504-40A382BB442B}.Debug Unicode|x64.Build.0 = Debug|x64
		{B22F4078-4F96-4887-A504-40A382BB442B}.Debug Unicode|x86.ActiveCfg = Debug|ARM64
		{B22F4078-4F96-4887-A504-40A382BB442B}.Debug|ARM.ActiveCfg = Debug|ARM64
		{B22F4078-4F96-4887-A504-40A382BB442B}.Debug|ARM64.ActiveCfg = Debug|ARM64
		{B22F4078-4F96-4887-A504-40A382BB442B}.Debug|ARM64.Build.0 = Debug|ARM64
		{B22F4078-4F96-4887-A504-40A382BB442B}.Debug|x64.ActiveCfg = Debug|x64
		{B22F4078-4F96-4887-A504-40A382BB442B}.Debug|x64.Build.0 = Debug|x64
		{B22F4078-4F96-4887-A504-40A382BB442B}.Debug|x86.ActiveCfg = Debug|ARM64
		{B22F4078-4F96-4887-A504-40A382BB442B}.Edittime Unicode|ARM.ActiveCfg = Runtime|ARM64
		{B22F4078-4F96-4887-A504-40A382BB442B}.Edittime Unicode|ARM64.ActiveCfg = Runtime|ARM64
		{B22F4078-4F96-4887-A504-40A382BB442B}.Edittime Unicode|x64.ActiveCfg = Runtime|x64
		{B22F4078-4F96-4887-A504-40A382BB442B}.Edittime Unicode|x86.ActiveCfg = Runtime|ARM64
		{B22F4078-4F96-4887-A504-40A382BB442B}.Edittime|ARM.ActiveCfg = Runtime|ARM64
		{B22F4078-4F96-4887-A504-40A382BB442B}.Edittime|ARM64.ActiveCfg = Runtime|ARM64
		{B22F4078-4F96-4887-A504-40A382BB442B}.Edittime|x64.ActiveCfg = Runtime|x64
		{B22F4078-4F96-4887-A504-40A382BB442B}.Edittime|x86.ActiveCfg = Runtime|ARM64
		{B22F4078-4F96-4887-A504-40A382BB442B}.Runtime Unicode|ARM.ActiveCfg = Runtime|ARM64
		{B22F4078-4F96-4887-A504-40A382BB442B}.Runtime Unicode|ARM64.ActiveCfg = Runtime|ARM64
		{B22F4078-4F96-4887-A504-40A382BB442B}.Runtime Unicode|ARM64.Build.0 = Runtime|ARM64
		{B22F4078-4F96-4887-A504-40A382BB442B}.Runtime Unicode|x64.ActiveCfg = Runtime|x64
		{B22F4078-4F96-4887-A504-40A382BB442B}.Runtime Unicode|x64.Build.0 = Runtime|x64
		{B22F4078-4F96-4887-A504-40A382BB442B}.Runtime Unicode|x86.ActiveCfg = Runtime|ARM64
		{B22F4078-4F96-4887-A504-40A382BB442B}.Runtime|ARM.ActiveCfg = Runtime|ARM64
		{B22F4078-4F96-4887-A504-40A382BB442B}.Runtime|ARM64.ActiveCfg = Runtime|ARM64
		{B22F4078-4F96-4887-A504-40A382BB442B}.Runtime|ARM64.Build.0 = Runtime|ARM64
		{B22F4078-4F96-4887-A504-40A382BB442B}.Runtime|x64.ActiveCfg = Runtime|x64
		{B22F4078-4F96-4887-A504-40A382BB442B}.Runtime|x64.Build.0 = Runtime|x64
		{B22F4078-4F96-4887-A504-40A382BB442B}.Runtime|x86.ActiveCfg = Runtime|ARM64
		{502257C1-DDC5-4E7C-9D92-E77120301484}.Debug Unicode|ARM.ActiveCfg = Debug Unicode|Win32
		{502257C1-DDC5-4E7C-9D92-E77120301484}.Debug Unicode|ARM64.ActiveCfg = Debug Unicode|Win32
		{502257C1-DDC5-4E7C-9D92-E77120301484}.Debug Unicode|x64.ActiveCfg = Debug Unicode|Win32
		{502257C1-DDC5-4E7C-9D92-E77120301484}.Debug Unicode|x86.ActiveCfg = Debug Unicode|Win32
		{502257C1-DDC5-4E7C-9D92-E77120301484}.Debug Unicode|x86.Build.0 = Debug Unicode|Win32
		{502257C1-DDC5-4E7C-9D92-E77120301484}.Debug|ARM.ActiveCfg = Debug|Win32
		{502257C1-DDC5-4E7C-9D92-E77120301484}.Debug|ARM64.ActiveCfg = Debug|Win32
		{502257C1-DDC5-4E7C-9D92-E77120301484}.Debug|x64.ActiveCfg = Debug|Win32
		{502257C1-DDC5-4E7C-9D92-E77120301484}.Debug|x86.ActiveCfg = Debug|Win32
		{502257C1-DDC5-4E7C-9D92-E77120301484}.Debug|x86.Build.0 = Debug|Win32
		{502257C1-DDC5-4E7C-9D92-E77120301484}.Edittime Unicode|ARM.ActiveCfg = Edittime Unicode|Win32
		{502257C1-DDC5-4E7C-9D92-E77120301484}.Edittime Unicode|ARM64.ActiveCfg = Edittime Unicode|Win32
		{502257C1-DDC5-4E7C-9D92-E77120301484}.Edittime Unicode|x64.ActiveCfg = Edittime Unicode|Win32
		{502257C1-DDC5-4E7C-9D92-E77120301484}.Edittime Unicode|x86.ActiveCfg = Edittime Unicode|Win32
		{502257C1-DDC5-4E7C-9D92-E77120301484}.Edittime Unicode|x86.Build.0 = Edittime Unicode|Win32
		{502257C1-DDC5-4E7C-9D92-E77120301484}.Edittime|ARM.ActiveCfg = Edittime|Win32
		{502257C1-DDC5-4E7C-9D92-E77120301484}.Edittime|ARM64.ActiveCfg = Edittime|Win32
		{502257C1-DDC5-4E7C-9D92-E77120301484}.Edittime|x64.ActiveCfg = Edittime|Win32
		{502257C1-DDC5-4E7C-9D92-E77120301484}.Edittime|x86.ActiveCfg = Edittime|Win32
		{502257C1-DDC5-4E7C-9D92-E77120301484}.Edittime|x86.Build.0 = Edittime|Win32
		{502257C1-DDC5-4E7C-9D92-E77120301484}.Runtime Unicode|ARM.ActiveCfg = Runtime Unicode|Win32
		{502257C1-DDC5-4E7C-9D92-E77120301484}.Runtime Unicode|ARM64.ActiveCfg = Runtime Unicode|Win32
		{502257C1-DDC5-4E7C-9D92-E77120301484}.Runtime Unicode|x64.ActiveCfg = Runtime Unicode|Win32
		{502257C1-DDC5-4E7C-9D92-E77120301484}.Runtime Unicode|x86.ActiveCfg = Runtime Unicode|Win32
		{502257C1-DDC5-4E7C-9D92-E77120301484}.Runtime Unicode|x86.Build.0 = Runtime Unicode|Win32
		{502257C1-DDC5-4E7C-9D92-E77120301484}.Runtime|ARM.ActiveCfg = Runtime|Win32
		{502257C1-DDC5-4E7C-9D92-E77120301484}.Runtime|ARM64.ActiveCfg = Runtime|Win32
		{502257C1-DDC5-4E7C-9D92-E77120301484}.Runtime|x64.ActiveCfg = Runtime|Win32
		{502257C1-DDC5-4E7C-9D92-E77120301484}.Runtime|x86.ActiveCfg = Runtime|Win32
		{502257C1-DDC5-4E7C-9D92-E77120301484}.Runtime|x86.Build.0 = Runtime|Win32
	EndGlobalSection
	GlobalSection(SolutionProperties) = preSolution
		HideSolutionNode = FALSE
	EndGlobalSection
	GlobalSection(ExtensibilityGlobals) = postSolution
		SolutionGuid = {2EC84B15-C8CA-4F48-A093-E4180D24D82A}
	EndGlobalSection
EndGlobal
