<?xml version="1.0" encoding="utf-8"?>
<Project ToolsVersion="4.0" xmlns="http://schemas.microsoft.com/developer/msbuild/2003">
  <ItemGroup>
    <Filter Include="Source Files">
      <UniqueIdentifier>{1ff34970-bea1-4379-96fe-1eafce22b4b9}</UniqueIdentifier>
      <Extensions>cpp;c;cxx;rc;def;r;odl;idl;hpj;bat</Extensions>
    </Filter>
    <Filter Include="Header Files">
      <UniqueIdentifier>{ae83be8c-9602-4989-b142-e08c55cdfaef}</UniqueIdentifier>
      <Extensions>h;hpp;hxx;hm;inl</Extensions>
    </Filter>
    <Filter Include="Resource Files">
      <UniqueIdentifier>{175fb3a6-faa6-4418-8447-31f034441b7c}</UniqueIdentifier>
      <Extensions>ico;cur;bmp;dlg;rc2;rct;bin;rgs;gif;jpg;jpeg;jpe</Extensions>
    </Filter>
    <Filter Include="MMF Headers">
      <UniqueIdentifier>{81a102d8-5780-441d-9ace-5d75b82a8917}</UniqueIdentifier>
    </Filter>
    <Filter Include="DynExt">
      <UniqueIdentifier>{ccd80bcb-03ae-477e-aa99-20775206a074}</UniqueIdentifier>
    </Filter>
  </ItemGroup>
  <ItemGroup>
    <ClCompile Include="Edittime.cpp">
      <Filter>Source Files</Filter>
    </ClCompile>
    <ClCompile Include="General.cpp">
      <Filter>Source Files</Filter>
    </ClCompile>
    <ClCompile Include="Main.cpp">
      <Filter>Source Files</Filter>
    </ClCompile>
    <ClCompile Include="Runtime.cpp">
      <Filter>Source Files</Filter>
    </ClCompile>
    <ClCompile Include="DynExt.cpp">
      <Filter>DynExt</Filter>
    </ClCompile>
  </ItemGroup>
  <ItemGroup>
    <ClInclude Include="Common.h">
      <Filter>Header Files</Filter>
    </ClInclude>
    <ClInclude Include="Information.h">
      <Filter>Header Files</Filter>
    </ClInclude>
    <ClInclude Include="Resource.h">
      <Filter>Resource Files</Filter>
    </ClInclude>
    <ClInclude Include="..\..\..\..\..\..\..\Program Files\Microsoft Visual Studio\Vc98\Include\Basetsd.h">
      <Filter>MMF Headers</Filter>
    </ClInclude>
    <ClInclude Include="..\..\Inc\Ccx.h">
      <Filter>MMF Headers</Filter>
    </ClInclude>
    <ClInclude Include="..\..\Inc\Ccxhdr.h">
      <Filter>MMF Headers</Filter>
    </ClInclude>
    <ClInclude Include="..\..\Inc\CfcError.h">
      <Filter>MMF Headers</Filter>
    </ClInclude>
    <ClInclude Include="..\..\Inc\CfcFile.h">
      <Filter>MMF Headers</Filter>
    </ClInclude>
    <ClInclude Include="..\..\Inc\Cncf.h">
      <Filter>MMF Headers</Filter>
    </ClInclude>
    <ClInclude Include="..\..\Inc\cncr.h">
      <Filter>MMF Headers</Filter>
    </ClInclude>
    <ClInclude Include="..\..\Inc\Cncy.h">
      <Filter>MMF Headers</Filter>
    </ClInclude>
    <ClInclude Include="..\..\Inc\Cnpdll.h">
      <Filter>MMF Headers</Filter>
    </ClInclude>
    <ClInclude Include="..\..\Inc\colors.h">
      <Filter>MMF Headers</Filter>
    </ClInclude>
    <ClInclude Include="..\..\Inc\EVTCCX.H">
      <Filter>MMF Headers</Filter>
    </ClInclude>
    <ClInclude Include="..\..\Inc\Fill.h">
      <Filter>MMF Headers</Filter>
    </ClInclude>
    <ClInclude Include="..\..\Inc\FilterMgr.h">
      <Filter>MMF Headers</Filter>
    </ClInclude>
    <ClInclude Include="..\..\Inc\ImageFlt.h">
      <Filter>MMF Headers</Filter>
    </ClInclude>
    <ClInclude Include="..\..\Inc\ImgFlt.h">
      <Filter>MMF Headers</Filter>
    </ClInclude>
    <ClInclude Include="..\..\Inc\MagicRDATA.h">
      <Filter>MMF Headers</Filter>
    </ClInclude>
    <ClInclude Include="..\..\Inc\oop_ext.h">
      <Filter>MMF Headers</Filter>
    </ClInclude>
    <ClInclude Include="..\..\Inc\Palet.h">
      <Filter>MMF Headers</Filter>
    </ClInclude>
    <ClInclude Include="..\..\Inc\PictEdDefs.h">
      <Filter>MMF Headers</Filter>
    </ClInclude>
    <ClInclude Include="..\..\Inc\Props.h">
      <Filter>MMF Headers</Filter>
    </ClInclude>
    <ClInclude Include="..\..\Inc\PTYPE.H">
      <Filter>MMF Headers</Filter>
    </ClInclude>
    <ClInclude Include="..\..\Inc\rCreateObject.h">
      <Filter>MMF Headers</Filter>
    </ClInclude>
    <ClInclude Include="..\..\Inc\rCreateRunObject.h">
      <Filter>MMF Headers</Filter>
    </ClInclude>
    <ClInclude Include="..\..\Inc\rGetDependencies.h">
      <Filter>MMF Headers</Filter>
    </ClInclude>
    <ClInclude Include="..\..\Inc\rTemplate.h">
      <Filter>MMF Headers</Filter>
    </ClInclude>
    <ClInclude Include="..\..\Inc\SoundFilter.h">
      <Filter>MMF Headers</Filter>
    </ClInclude>
    <ClInclude Include="..\..\Inc\SoundFilterMgr.h">
      <Filter>MMF Headers</Filter>
    </ClInclude>
    <ClInclude Include="..\..\Inc\Surface.h">
      <Filter>MMF Headers</Filter>
    </ClInclude>
    <ClInclude Include="..\..\Inc\SurfaceDefs.h">
      <Filter>MMF Headers</Filter>
    </ClInclude>
    <ClInclude Include="..\..\Inc\TemplateInc.h">
      <Filter>MMF Headers</Filter>
    </ClInclude>
    <ClInclude Include="..\..\Inc\WinMacro.h">
      <Filter>MMF Headers</Filter>
    </ClInclude>
    <ClInclude Include="DynExt.h">
      <Filter>DynExt</Filter>
    </ClInclude>
  </ItemGroup>
  <ItemGroup>
    <None Include="Ext.def">
      <Filter>Header Files</Filter>
    </None>
    <None Include="Docs\ValueAdd.html">
      <Filter>Resource Files</Filter>
    </None>
  </ItemGroup>
  <ItemGroup>
    <ResourceCompile Include="Ext.rc">
      <Filter>Resource Files</Filter>
    </ResourceCompile>
  </ItemGroup>
  <ItemGroup>
    <Image Include="EXTICON.bmp">
      <Filter>Resource Files</Filter>
    </Image>
  </ItemGroup>
  <ItemGroup>
    <CustomBuild Include="Data.h">
      <Filter>Header Files</Filter>
    </CustomBuild>
    <CustomBuild Include="FlagsPrefs.h">
      <Filter>Header Files</Filter>
    </CustomBuild>
    <CustomBuild Include="Menu.h">
      <Filter>Header Files</Filter>
    </CustomBuild>
  </ItemGroup>
</Project>