
Microsoft Visual Studio Solution File, Format Version 12.00
# Visual Studio 15
VisualStudioVersion = 15.0.37327.16
MinimumVisualStudioVersion = 10.0.40219.1
Project("{8BC9CEB8-8B4A-11D0-8D11-00A0C91BC942}") = "POW 2o3.Android", "POW 2o3.Android.vcxproj", "{BAE4CDB8-3773-47C7-8275-8DA3DBD4539D}"
EndProject
Project("{8BC9CEB8-8B4A-11D0-8D11-00A0C91BC942}") = "POW 2o3.iOS", "POW 2o3.iOS.vcxproj", "{0E9DFA51-0DAF-4965-860B-EF44CEDCB499}"
EndProject
Project("{8BC9CEB8-8B4A-11D0-8D11-00A0C91BC942}") = "POW 2o3.Mac", "POW 2o3.Mac.vcxproj", "{D9214076-BCA9-44E7-ABDD-2EF2AA3A4654}"
EndProject
Project("{8BC9CEB8-8B4A-11D0-8D11-00A0C91BC942}") = "POW 2o3.Shared", "POW 2o3.Shared.vcxitems", "{D98DEB46-4B54-454A-8907-0C6BC75CC9B6}"
EndProject
Project("{8BC9CEB8-8B4A-11D0-8D11-00A0C91BC942}") = "POW 2o3.Windows", "POW 2o3.Windows.vcxproj", "{5FCDB941-F2E7-4803-81AF-FE14E10C1F9D}"
EndProject
Global
	GlobalSection(SharedMSBuildProjectFiles) = preSolution
		POW 2o3.Shared.vcxitems*{5fcdb941-f2e7-4803-81af-fe14e10c1f9d}*SharedItemsImports = 4
		POW 2o3.Shared.vcxitems*{d98deb46-4b54-454a-8907-0c6bc75cc9b6}*SharedItemsImports = 9
		POW 2o3.Shared.vcxitems*{0e9dfa51-0daf-4965-860b-ef44cedcb499}*SharedItemImports = 4
		POW 2o3.Shared.vcxitems*{5fcdb941-f2e7-4803-81af-fe14e10c1f9d}*SharedItemImports = 4
		POW 2o3.Shared.vcxitems*{bae4cdb8-3773-47c7-8275-8da3dbd4539d}*SharedItemImports = 4
		POW 2o3.Shared.vcxitems*{d9214076-bca9-44e7-abdd-2ef2aa3a4654}*SharedItemImports = 4
		POW 2o3.Shared.vcxitems*{d98deb46-4b54-454a-8907-0c6bc75cc9b6}*SharedItemImports = 9
	EndGlobalSection
	GlobalSection(SolutionConfigurationPlatforms) = preSolution
		Debug Unicode|ARM = Debug Unicode|ARM
		Debug Unicode|ARM64 = Debug Unicode|ARM64
		Debug Unicode|x64 = Debug Unicode|x64
		Debug Unicode|x86 = Debug Unicode|x86
		Debug|ARM = Debug|ARM
		Debug|ARM64 = Debug|ARM64
		Debug|x64 = Debug|x64
		Debug|x86 = Debug|x86
		Edittime Unicode|ARM = Edittime Unicode|ARM
		Edittime Unicode|ARM64 = Edittime Unicode|ARM64
		Edittime Unicode|x64 = Edittime Unicode|x64
		Edittime Unicode|x86 = Edittime Unicode|x86
		Edittime|ARM = Edittime|ARM
		Edittime|ARM64 = Edittime|ARM64
		Edittime|x64 = Edittime|x64
		Edittime|x86 = Edittime|x86
		Runtime Unicode|ARM = Runtime Unicode|ARM
		Runtime Unicode|ARM64 = Runtime Unicode|ARM64
		Runtime Unicode|x64 = Runtime Unicode|x64
		Runtime Unicode|x86 = Runtime Unicode|x86
		Runtime|ARM = Runtime|ARM
		Runtime|ARM64 = Runtime|ARM64
		Runtime|x64 = Runtime|x64
		Runtime|x86 = Runtime|x86
	EndGlobalSection
	GlobalSection(ProjectConfigurationPlatforms) = postSolution
		{BAE4CDB8-3773-47C7-8275-8DA3DBD4539D}.Debug Unicode|ARM.ActiveCfg = Debug|ARM
		{BAE4CDB8-3773-47C7-8275-8DA3DBD4539D}.Debug Unicode|ARM.Build.0 = Debug|ARM
		{BAE4CDB8-3773-47C7-8275-8DA3DBD4539D}.Debug Unicode|ARM64.ActiveCfg = Debug|ARM64
		{BAE4CDB8-3773-47C7-8275-8DA3DBD4539D}.Debug Unicode|ARM64.Build.0 = Debug|ARM64
		{BAE4CDB8-3773-47C7-8275-8DA3DBD4539D}.Debug Unicode|x64.ActiveCfg = Debug|x64
		{BAE4CDB8-3773-47C7-8275-8DA3DBD4539D}.Debug Unicode|x64.Build.0 = Debug|x64
		{BAE4CDB8-3773-47C7-8275-8DA3DBD4539D}.Debug Unicode|x86.ActiveCfg = Debug|x86
		{BAE4CDB8-3773-47C7-8275-8DA3DBD4539D}.Debug Unicode|x86.Build.0 = Debug|x86
		{BAE4CDB8-3773-47C7-8275-8DA3DBD4539D}.Debug|ARM.ActiveCfg = Debug|ARM
		{BAE4CDB8-3773-47C7-8275-8DA3DBD4539D}.Debug|ARM.Build.0 = Debug|ARM
		{BAE4CDB8-3773-47C7-8275-8DA3DBD4539D}.Debug|ARM64.ActiveCfg = Debug|ARM64
		{BAE4CDB8-3773-47C7-8275-8DA3DBD4539D}.Debug|ARM64.Build.0 = Debug|ARM64
		{BAE4CDB8-3773-47C7-8275-8DA3DBD4539D}.Debug|x64.ActiveCfg = Debug|x64
		{BAE4CDB8-3773-47C7-8275-8DA3DBD4539D}.Debug|x64.Build.0 = Debug|x64
		{BAE4CDB8-3773-47C7-8275-8DA3DBD4539D}.Debug|x86.ActiveCfg = Debug|x86
		{BAE4CDB8-3773-47C7-8275-8DA3DBD4539D}.Debug|x86.Build.0 = Debug|x86
		{BAE4CDB8-3773-47C7-8275-8DA3DBD4539D}.Edittime Unicode|ARM.ActiveCfg = Runtime|ARM
		{BAE4CDB8-3773-47C7-8275-8DA3DBD4539D}.Edittime Unicode|ARM64.ActiveCfg = Runtime|ARM64
		{BAE4CDB8-3773-47C7-8275-8DA3DBD4539D}.Edittime Unicode|x64.ActiveCfg = Runtime|x64
		{BAE4CDB8-3773-47C7-8275-8DA3DBD4539D}.Edittime Unicode|x86.ActiveCfg = Runtime|x86
		{BAE4CDB8-3773-47C7-8275-8DA3DBD4539D}.Edittime|ARM.ActiveCfg = Runtime|ARM
		{BAE4CDB8-3773-47C7-8275-8DA3DBD4539D}.Edittime|ARM64.ActiveCfg = Runtime|ARM64
		{BAE4CDB8-3773-47C7-8275-8DA3DBD4539D}.Edittime|x64.ActiveCfg = Runtime|x64
		{BAE4CDB8-3773-47C7-8275-8DA3DBD4539D}.Edittime|x86.ActiveCfg = Runtime|x86
		{BAE4CDB8-3773-47C7-8275-8DA3DBD4539D}.Runtime Unicode|ARM.ActiveCfg = Runtime|ARM
		{BAE4CDB8-3773-47C7-8275-8DA3DBD4539D}.Runtime Unicode|ARM.Build.0 = Runtime|ARM
		{BAE4CDB8-3773-47C7-8275-8DA3DBD4539D}.Runtime Unicode|ARM64.ActiveCfg = Runtime|ARM64
		{BAE4CDB8-3773-47C7-8275-8DA3DBD4539D}.Runtime Unicode|ARM64.Build.0 = Runtime|ARM64
		{BAE4CDB8-3773-47C7-8275-8DA3DBD4539D}.Runtime Unicode|x64.ActiveCfg = Runtime|x64
		{BAE4CDB8-3773-47C7-8275-8DA3DBD4539D}.Runtime Unicode|x64.Build.0 = Runtime|x64
		{BAE4CDB8-3773-47C7-8275-8DA3DBD4539D}.Runtime Unicode|x86.ActiveCfg = Runtime|x86
		{BAE4CDB8-3773-47C7-8275-8DA3DBD4539D}.Runtime Unicode|x86.Build.0 = Runtime|x86
		{BAE4CDB8-3773-47C7-8275-8DA3DBD4539D}.Runtime|ARM.ActiveCfg = Runtime|ARM
		{BAE4CDB8-3773-47C7-8275-8DA3DBD4539D}.Runtime|ARM.Build.0 = Runtime|ARM
		{BAE4CDB8-3773-47C7-8275-8DA3DBD4539D}.Runtime|ARM64.ActiveCfg = Runtime|ARM64
		{BAE4CDB8-3773-47C7-8275-8DA3DBD4539D}.Runtime|ARM64.Build.0 = Runtime|ARM64
		{BAE4CDB8-3773-47C7-8275-8DA3DBD4539D}.Runtime|x64.ActiveCfg = Runtime|x64
		{BAE4CDB8-3773-47C7-8275-8DA3DBD4539D}.Runtime|x64.Build.0 = Runtime|x64
		{BAE4CDB8-3773-47C7-8275-8DA3DBD4539D}.Runtime|x86.ActiveCfg = Runtime|x86
		{BAE4CDB8-3773-47C7-8275-8DA3DBD4539D}.Runtime|x86.Build.0 = Runtime|x86
		{0E9DFA51-0DAF-4965-860B-EF44CEDCB499}.Debug Unicode|ARM.ActiveCfg = Debug|ARM
		{0E9DFA51-0DAF-4965-860B-EF44CEDCB499}.Debug Unicode|ARM.Build.0 = Debug|ARM
		{0E9DFA51-0DAF-4965-860B-EF44CEDCB499}.Debug Unicode|ARM64.ActiveCfg = Debug|ARM64
		{0E9DFA51-0DAF-4965-860B-EF44CEDCB499}.Debug Unicode|ARM64.Build.0 = Debug|ARM64
		{0E9DFA51-0DAF-4965-860B-EF44CEDCB499}.Debug Unicode|x64.ActiveCfg = Debug|x64
		{0E9DFA51-0DAF-4965-860B-EF44CEDCB499}.Debug Unicode|x64.Build.0 = Debug|x64
		{0E9DFA51-0DAF-4965-860B-EF44CEDCB499}.Debug Unicode|x86.ActiveCfg = Debug|x86
		{0E9DFA51-0DAF-4965-860B-EF44CEDCB499}.Debug Unicode|x86.Build.0 = Debug|x86
		{0E9DFA51-0DAF-4965-860B-EF44CEDCB499}.Debug|ARM.ActiveCfg = Debug|ARM
		{0E9DFA51-0DAF-4965-860B-EF44CEDCB499}.Debug|ARM.Build.0 = Debug|ARM
		{0E9DFA51-0DAF-4965-860B-EF44CEDCB499}.Debug|ARM64.ActiveCfg = Debug|ARM64
		{0E9DFA51-0DAF-4965-860B-EF44CEDCB499}.Debug|ARM64.Build.0 = Debug|ARM64
		{0E9DFA51-0DAF-4965-860B-EF44CEDCB499}.Debug|x64.ActiveCfg = Debug|x64
		{0E9DFA51-0DAF-4965-860B-EF44CEDCB499}.Debug|x64.Build.0 = Debug|x64
		{0E9DFA51-0DAF-4965-860B-EF44CEDCB499}.Debug|x86.ActiveCfg = Debug|x86
		{0E9DFA51-0DAF-4965-860B-EF44CEDCB499}.Debug|x86.Build.0 = Debug|x86
		{0E9DFA51-0DAF-4965-860B-EF44CEDCB499}.Edittime Unicode|ARM.ActiveCfg = Runtime|ARM
		{0E9DFA51-0DAF-4965-860B-EF44CEDCB499}.Edittime Unicode|ARM64.ActiveCfg = Runtime|ARM64
		{0E9DFA51-0DAF-4965-860B-EF44CEDCB499}.Edittime Unicode|x64.ActiveCfg = Runtime|x64
		{0E9DFA51-0DAF-4965-860B-EF44CEDCB499}.Edittime Unicode|x86.ActiveCfg = Runtime|x86
		{0E9DFA51-0DAF-4965-860B-EF44CEDCB499}.Edittime|ARM.ActiveCfg = Runtime|ARM
		{0E9DFA51-0DAF-4965-860B-EF44CEDCB499}.Edittime|ARM64.ActiveCfg = Runtime|ARM64
		{0E9DFA51-0DAF-4965-860B-EF44CEDCB499}.Edittime|x64.ActiveCfg = Runtime|x64
		{0E9DFA51-0DAF-4965-860B-EF44CEDCB499}.Edittime|x86.ActiveCfg = Runtime|x86
		{0E9DFA51-0DAF-4965-860B-EF44CEDCB499}.Runtime Unicode|ARM.ActiveCfg = Runtime|ARM
		{0E9DFA51-0DAF-4965-860B-EF44CEDCB499}.Runtime Unicode|ARM.Build.0 = Runtime|ARM
		{0E9DFA51-0DAF-4965-860B-EF44CEDCB499}.Runtime Unicode|ARM64.ActiveCfg = Runtime|ARM64
		{0E9DFA51-0DAF-4965-860B-EF44CEDCB499}.Runtime Unicode|ARM64.Build.0 = Runtime|ARM64
		{0E9DFA51-0DAF-4965-860B-EF44CEDCB499}.Runtime Unicode|x64.ActiveCfg = Runtime|x64
		{0E9DFA51-0DAF-4965-860B-EF44CEDCB499}.Runtime Unicode|x64.Build.0 = Runtime|x64
		{0E9DFA51-0DAF-4965-860B-EF44CEDCB499}.Runtime Unicode|x86.ActiveCfg = Runtime|x86
		{0E9DFA51-0DAF-4965-860B-EF44CEDCB499}.Runtime Unicode|x86.Build.0 = Runtime|x86
		{0E9DFA51-0DAF-4965-860B-EF44CEDCB499}.Runtime|ARM.ActiveCfg = Runtime|ARM
		{0E9DFA51-0DAF-4965-860B-EF44CEDCB499}.Runtime|ARM.Build.0 = Runtime|ARM
		{0E9DFA51-0DAF-4965-860B-EF44CEDCB499}.Runtime|ARM64.ActiveCfg = Runtime|ARM64
		{0E9DFA51-0DAF-4965-860B-EF44CEDCB499}.Runtime|ARM64.Build.0 = Runtime|ARM64
		{0E9DFA51-0DAF-4965-860B-EF44CEDCB499}.Runtime|x64.ActiveCfg = Runtime|x64
		{0E9DFA51-0DAF-4965-860B-EF44CEDCB499}.Runtime|x64.Build.0 = Runtime|x64
		{0E9DFA51-0DAF-4965-860B-EF44CEDCB499}.Runtime|x86.ActiveCfg = Runtime|x86
		{0E9DFA51-0DAF-4965-860B-EF44CEDCB499}.Runtime|x86.Build.0 = Runtime|x86
		{D9214076-BCA9-44E7-ABDD-2EF2AA3A4654}.Debug Unicode|ARM.ActiveCfg = Debug|ARM64
		{D9214076-BCA9-44E7-ABDD-2EF2AA3A4654}.Debug Unicode|ARM64.ActiveCfg = Debug|ARM64
		{D9214076-BCA9-44E7-ABDD-2EF2AA3A4654}.Debug Unicode|ARM64.Build.0 = Debug|ARM64
		{D9214076-BCA9-44E7-ABDD-2EF2AA3A4654}.Debug Unicode|x64.ActiveCfg = Debug|x64
		{D9214076-BCA9-44E7-ABDD-2EF2AA3A4654}.Debug Unicode|x64.Build.0 = Debug|x64
		{D9214076-BCA9-44E7-ABDD-2EF2AA3A4654}.Debug Unicode|x86.ActiveCfg = Debug|ARM64
		{D9214076-BCA9-44E7-ABDD-2EF2AA3A4654}.Debug|ARM.ActiveCfg = Debug|ARM64
		{D9214076-BCA9-44E7-ABDD-2EF2AA3A4654}.Debug|ARM64.ActiveCfg = Debug|ARM64
		{D9214076-BCA9-44E7-ABDD-2EF2AA3A4654}.Debug|ARM64.Build.0 = Debug|ARM64
		{D9214076-BCA9-44E7-ABDD-2EF2AA3A4654}.Debug|x64.ActiveCfg = Debug|x64
		{D9214076-BCA9-44E7-ABDD-2EF2AA3A4654}.Debug|x64.Build.0 = Debug|x64
		{D9214076-BCA9-44E7-ABDD-2EF2AA3A4654}.Debug|x86.ActiveCfg = Debug|ARM64
		{D9214076-BCA9-44E7-ABDD-2EF2AA3A4654}.Edittime Unicode|ARM.ActiveCfg = Runtime|ARM64
		{D9214076-BCA9-44E7-ABDD-2EF2AA3A4654}.Edittime Unicode|ARM64.ActiveCfg = Runtime|ARM64
		{D9214076-BCA9-44E7-ABDD-2EF2AA3A4654}.Edittime Unicode|x64.ActiveCfg = Runtime|x64
		{D9214076-BCA9-44E7-ABDD-2EF2AA3A4654}.Edittime Unicode|x86.ActiveCfg = Runtime|ARM64
		{D9214076-BCA9-44E7-ABDD-2EF2AA3A4654}.Edittime|ARM.ActiveCfg = Runtime|ARM64
		{D9214076-BCA9-44E7-ABDD-2EF2AA3A4654}.Edittime|ARM64.ActiveCfg = Runtime|ARM64
		{D9214076-BCA9-44E7-ABDD-2EF2AA3A4654}.Edittime|x64.ActiveCfg = Runtime|x64
		{D9214076-BCA9-44E7-ABDD-2EF2AA3A4654}.Edittime|x86.ActiveCfg = Runtime|ARM64
		{D9214076-BCA9-44E7-ABDD-2EF2AA3A4654}.Runtime Unicode|ARM.ActiveCfg = Runtime|ARM64
		{D9214076-BCA9-44E7-ABDD-2EF2AA3A4654}.Runtime Unicode|ARM64.ActiveCfg = Runtime|ARM64
		{D9214076-BCA9-44E7-ABDD-2EF2AA3A4654}.Runtime Unicode|ARM64.Build.0 = Runtime|ARM64
		{D9214076-BCA9-44E7-ABDD-2EF2AA3A4654}.Runtime Unicode|x64.ActiveCfg = Runtime|x64
		{D9214076-BCA9-44E7-ABDD-2EF2AA3A4654}.Runtime Unicode|x64.Build.0 = Runtime|x64
		{D9214076-BCA9-44E7-ABDD-2EF2AA3A4654}.Runtime Unicode|x86.ActiveCfg = Runtime|ARM64
		{D9214076-BCA9-44E7-ABDD-2EF2AA3A4654}.Runtime|ARM.ActiveCfg = Runtime|ARM64
		{D9214076-BCA9-44E7-ABDD-2EF2AA3A4654}.Runtime|ARM64.ActiveCfg = Runtime|ARM64
		{D9214076-BCA9-44E7-ABDD-2EF2AA3A4654}.Runtime|ARM64.Build.0 = Runtime|ARM64
		{D9214076-BCA9-44E7-ABDD-2EF2AA3A4654}.Runtime|x64.ActiveCfg = Runtime|x64
		{D9214076-BCA9-44E7-ABDD-2EF2AA3A4654}.Runtime|x64.Build.0 = Runtime|x64
		{D9214076-BCA9-44E7-ABDD-2EF2AA3A4654}.Runtime|x86.ActiveCfg = Runtime|ARM64
		{5FCDB941-F2E7-4803-81AF-FE14E10C1F9D}.Debug Unicode|ARM.ActiveCfg = Debug Unicode|Win32
		{5FCDB941-F2E7-4803-81AF-FE14E10C1F9D}.Debug Unicode|ARM64.ActiveCfg = Debug Unicode|Win32
		{5FCDB941-F2E7-4803-81AF-FE14E10C1F9D}.Debug Unicode|x64.ActiveCfg = Debug Unicode|Win32
		{5FCDB941-F2E7-4803-81AF-FE14E10C1F9D}.Debug Unicode|x86.ActiveCfg = Debug Unicode|Win32
		{5FCDB941-F2E7-4803-81AF-FE14E10C1F9D}.Debug Unicode|x86.Build.0 = Debug Unicode|Win32
		{5FCDB941-F2E7-4803-81AF-FE14E10C1F9D}.Debug|ARM.ActiveCfg = Debug|Win32
		{5FCDB941-F2E7-4803-81AF-FE14E10C1F9D}.Debug|ARM64.ActiveCfg = Debug|Win32
		{5FCDB941-F2E7-4803-81AF-FE14E10C1F9D}.Debug|x64.ActiveCfg = Debug|Win32
		{5FCDB941-F2E7-4803-81AF-FE14E10C1F9D}.Debug|x86.ActiveCfg = Debug|Win32
		{5FCDB941-F2E7-4803-81AF-FE14E10C1F9D}.Debug|x86.Build.0 = Debug|Win32
		{5FCDB941-F2E7-4803-81AF-FE14E10C1F9D}.Edittime Unicode|ARM.ActiveCfg = Edittime Unicode|Win32
		{5FCDB941-F2E7-4803-81AF-FE14E10C1F9D}.Edittime Unicode|ARM64.ActiveCfg = Edittime Unicode|Win32
		{5FCDB941-F2E7-4803-81AF-FE14E10C1F9D}.Edittime Unicode|x64.ActiveCfg = Edittime Unicode|Win32
		{5FCDB941-F2E7-4803-81AF-FE14E10C1F9D}.Edittime Unicode|x86.ActiveCfg = Edittime Unicode|Win32
		{5FCDB941-F2E7-4803-81AF-FE14E10C1F9D}.Edittime Unicode|x86.Build.0 = Edittime Unicode|Win32
		{5FCDB941-F2E7-4803-81AF-FE14E10C1F9D}.Edittime|ARM.ActiveCfg = Edittime|Win32
		{5FCDB941-F2E7-4803-81AF-FE14E10C1F9D}.Edittime|ARM64.ActiveCfg = Edittime|Win32
		{5FCDB941-F2E7-4803-81AF-FE14E10C1F9D}.Edittime|x64.ActiveCfg = Edittime|Win32
		{5FCDB941-F2E7-4803-81AF-FE14E10C1F9D}.Edittime|x86.ActiveCfg = Edittime|Win32
		{5FCDB941-F2E7-4803-81AF-FE14E10C1F9D}.Edittime|x86.Build.0 = Edittime|Win32
		{5FCDB941-F2E7-4803-81AF-FE14E10C1F9D}.Runtime Unicode|ARM.ActiveCfg = Runtime Unicode|Win32
		{5FCDB941-F2E7-4803-81AF-FE14E10C1F9D}.Runtime Unicode|ARM64.ActiveCfg = Runtime Unicode|Win32
		{5FCDB941-F2E7-4803-81AF-FE14E10C1F9D}.Runtime Unicode|x64.ActiveCfg = Runtime Unicode|Win32
		{5FCDB941-F2E7-4803-81AF-FE14E10C1F9D}.Runtime Unicode|x86.ActiveCfg = Runtime Unicode|Win32
		{5FCDB941-F2E7-4803-81AF-FE14E10C1F9D}.Runtime Unicode|x86.Build.0 = Runtime Unicode|Win32
		{5FCDB941-F2E7-4803-81AF-FE14E10C1F9D}.Runtime|ARM.ActiveCfg = Runtime|Win32
		{5FCDB941-F2E7-4803-81AF-FE14E10C1F9D}.Runtime|ARM64.ActiveCfg = Runtime|Win32
		{5FCDB941-F2E7-4803-81AF-FE14E10C1F9D}.Runtime|x64.ActiveCfg = Runtime|Win32
		{5FCDB941-F2E7-4803-81AF-FE14E10C1F9D}.Runtime|x86.ActiveCfg = Runtime|Win32
		{5FCDB941-F2E7-4803-81AF-FE14E10C1F9D}.Runtime|x86.Build.0 = Runtime|Win32
	EndGlobalSection
	GlobalSection(SolutionProperties) = preSolution
		HideSolutionNode = FALSE
	EndGlobalSection
	GlobalSection(ExtensibilityGlobals) = postSolution
		SolutionGuid = {E97C5EDA-FCF5-4F3A-B983-ABCE53DBA890}
	EndGlobalSection
EndGlobal
