// !$*UTF8*$!
{
	archiveVersion = 1;
	classes = {
	};
	objectVersion = 77;
	objects = {

/* Begin PBXBuildFile section */
		EFD19FEC2FB7D62E00E6248D /* AppKit.framework in Frameworks */ = {isa = PBXBuildFile; fileRef = EFD19FEB2FB7D62E00E6248D /* AppKit.framework */; };
		EFD19FEE2FB7D63500E6248D /* CoreGraphics.framework in Frameworks */ = {isa = PBXBuildFile; fileRef = EFD19FED2FB7D63500E6248D /* CoreGraphics.framework */; };
		EFD19FF02FB7D63C00E6248D /* Foundation.framework in Frameworks */ = {isa = PBXBuildFile; fileRef = EFD19FEF2FB7D63C00E6248D /* Foundation.framework */; };
		EFD19FFC2FB7D77000E6248D /* MMF2Lib.framework in Frameworks */ = {isa = PBXBuildFile; fileRef = EFD19FFB2FB7D77000E6248D /* MMF2Lib.framework */; };
		EFD19FFF2FB7D77900E6248D /* CRunSLPA.mm in Sources */ = {isa = PBXBuildFile; fileRef = EFD19FFE2FB7D77900E6248D /* CRunSLPA.mm */; };
/* End PBXBuildFile section */

/* Begin PBXFileReference section */
		EF371EF12FB7D50B00B6A5BC /* SLPA.bundle */ = {isa = PBXFileReference; explicitFileType = wrapper.cfbundle; includeInIndex = 0; path = SLPA.bundle; sourceTree = BUILT_PRODUCTS_DIR; };
		EFD19FEB2FB7D62E00E6248D /* AppKit.framework */ = {isa = PBXFileReference; lastKnownFileType = wrapper.framework; name = AppKit.framework; path = System/Library/Frameworks/AppKit.framework; sourceTree = SDKROOT; };
		EFD19FED2FB7D63500E6248D /* CoreGraphics.framework */ = {isa = PBXFileReference; lastKnownFileType = wrapper.framework; name = CoreGraphics.framework; path = System/Library/Frameworks/CoreGraphics.framework; sourceTree = SDKROOT; };
		EFD19FEF2FB7D63C00E6248D /* Foundation.framework */ = {isa = PBXFileReference; lastKnownFileType = wrapper.framework; name = Foundation.framework; path = System/Library/Frameworks/Foundation.framework; sourceTree = SDKROOT; };
		EFD19FFB2FB7D77000E6248D /* MMF2Lib.framework */ = {isa = PBXFileReference; lastKnownFileType = wrapper.framework; name = MMF2Lib.framework; path = /Users/rainbowhype/Desktop/MMF2Lib/MMF2Lib.framework; sourceTree = "<absolute>"; };
		EFD19FFD2FB7D77900E6248D /* CRunSLPA.h */ = {isa = PBXFileReference; lastKnownFileType = sourcecode.c.h; path = CRunSLPA.h; sourceTree = "<group>"; };
		EFD19FFE2FB7D77900E6248D /* CRunSLPA.mm */ = {isa = PBXFileReference; lastKnownFileType = sourcecode.cpp.objcpp; path = CRunSLPA.mm; sourceTree = "<group>"; };
/* End PBXFileReference section */

/* Begin PBXFrameworksBuildPhase section */
		EF371EEE2FB7D50B00B6A5BC /* Frameworks */ = {
			isa = PBXFrameworksBuildPhase;
			buildActionMask = 2147483647;
			files = (
				EFD19FEE2FB7D63500E6248D /* CoreGraphics.framework in Frameworks */,
				EFD19FF02FB7D63C00E6248D /* Foundation.framework in Frameworks */,
				EFD19FFC2FB7D77000E6248D /* MMF2Lib.framework in Frameworks */,
				EFD19FEC2FB7D62E00E6248D /* AppKit.framework in Frameworks */,
			);
			runOnlyForDeploymentPostprocessing = 0;
		};
/* End PBXFrameworksBuildPhase section */

/* Begin PBXGroup section */
		EF371EE82FB7D50B00B6A5BC = {
			isa = PBXGroup;
			children = (
				EFD19FEA2FB7D62E00E6248D /* Frameworks */,
				EF371EF22FB7D50B00B6A5BC /* Products */,
				EFD19FFD2FB7D77900E6248D /* CRunSLPA.h */,
				EFD19FFE2FB7D77900E6248D /* CRunSLPA.mm */,
			);
			sourceTree = "<group>";
		};
		EF371EF22FB7D50B00B6A5BC /* Products */ = {
			isa = PBXGroup;
			children = (
				EF371EF12FB7D50B00B6A5BC /* SLPA.bundle */,
			);
			name = Products;
			sourceTree = "<group>";
		};
		EFD19FEA2FB7D62E00E6248D /* Frameworks */ = {
			isa = PBXGroup;
			children = (
				EFD19FEF2FB7D63C00E6248D /* Foundation.framework */,
				EFD19FED2FB7D63500E6248D /* CoreGraphics.framework */,
				EFD19FEB2FB7D62E00E6248D /* AppKit.framework */,
				EFD19FFB2FB7D77000E6248D /* MMF2Lib.framework */,
			);
			name = Frameworks;
			sourceTree = "<group>";
		};
/* End PBXGroup section */

/* Begin PBXNativeTarget section */
		EF371EF02FB7D50B00B6A5BC /* SLPA */ = {
			isa = PBXNativeTarget;
			buildConfigurationList = EF371EF52FB7D50B00B6A5BC /* Build configuration list for PBXNativeTarget "SLPA" */;
			buildPhases = (
				EF371EED2FB7D50B00B6A5BC /* Sources */,
				EF371EEE2FB7D50B00B6A5BC /* Frameworks */,
				EF371EEF2FB7D50B00B6A5BC /* Resources */,
			);
			buildRules = (
			);
			dependencies = (
			);
			name = SLPA;
			packageProductDependencies = (
			);
			productName = SLPA;
			productReference = EF371EF12FB7D50B00B6A5BC /* SLPA.bundle */;
			productType = "com.apple.product-type.bundle";
		};
/* End PBXNativeTarget section */

/* Begin PBXProject section */
		EF371EE92FB7D50B00B6A5BC /* Project object */ = {
			isa = PBXProject;
			attributes = {
				BuildIndependentTargetsInParallel = 1;
				LastUpgradeCheck = 2650;
				TargetAttributes = {
					EF371EF02FB7D50B00B6A5BC = {
						CreatedOnToolsVersion = 26.5;
					};
				};
			};
			buildConfigurationList = EF371EEC2FB7D50B00B6A5BC /* Build configuration list for PBXProject "SLPA" */;
			developmentRegion = en;
			hasScannedForEncodings = 0;
			knownRegions = (
				en,
				Base,
			);
			mainGroup = EF371EE82FB7D50B00B6A5BC;
			minimizedProjectReferenceProxies = 1;
			preferredProjectObjectVersion = 77;
			productRefGroup = EF371EF22FB7D50B00B6A5BC /* Products */;
			projectDirPath = "";
			projectRoot = "";
			targets = (
				EF371EF02FB7D50B00B6A5BC /* SLPA */,
			);
		};
/* End PBXProject section */

/* Begin PBXResourcesBuildPhase section */
		EF371EEF2FB7D50B00B6A5BC /* Resources */ = {
			isa = PBXResourcesBuildPhase;
			buildActionMask = 2147483647;
			files = (
			);
			runOnlyForDeploymentPostprocessing = 0;
		};
/* End PBXResourcesBuildPhase section */

/* Begin PBXSourcesBuildPhase section */
		EF371EED2FB7D50B00B6A5BC /* Sources */ = {
			isa = PBXSourcesBuildPhase;
			buildActionMask = 2147483647;
			files = (
				EFD19FFF2FB7D77900E6248D /* CRunSLPA.mm in Sources */,
			);
			runOnlyForDeploymentPostprocessing = 0;
		};
/* End PBXSourcesBuildPhase section */

/* Begin XCBuildConfiguration section */
		EF371EF32FB7D50B00B6A5BC /* Debug */ = {
			isa = XCBuildConfiguration;
			buildSettings = {
				ALWAYS_SEARCH_USER_PATHS = NO;
				ASSETCATALOG_COMPILER_GENERATE_SWIFT_ASSET_SYMBOL_EXTENSIONS = YES;
				CLANG_ANALYZER_NONNULL = YES;
				CLANG_ANALYZER_NUMBER_OBJECT_CONVERSION = YES_AGGRESSIVE;
				CLANG_CXX_LANGUAGE_STANDARD = "gnu++20";
				CLANG_ENABLE_MODULES = YES;
				CLANG_ENABLE_OBJC_ARC = YES;
				CLANG_ENABLE_OBJC_WEAK = YES;
				CLANG_WARN_BLOCK_CAPTURE_AUTORELEASING = YES;
				CLANG_WARN_BOOL_CONVERSION = YES;
				CLANG_WARN_COMMA = YES;
				CLANG_WARN_CONSTANT_CONVERSION = YES;
				CLANG_WARN_DEPRECATED_OBJC_IMPLEMENTATIONS = YES;
				CLANG_WARN_DIRECT_OBJC_ISA_USAGE = YES_ERROR;
				CLANG_WARN_DOCUMENTATION_COMMENTS = YES;
				CLANG_WARN_EMPTY_BODY = YES;
				CLANG_WARN_ENUM_CONVERSION = YES;
				CLANG_WARN_INFINITE_RECURSION = YES;
				CLANG_WARN_INT_CONVERSION = YES;
				CLANG_WARN_NON_LITERAL_NULL_CONVERSION = YES;
				CLANG_WARN_OBJC_IMPLICIT_RETAIN_SELF = YES;
				CLANG_WARN_OBJC_LITERAL_CONVERSION = YES;
				CLANG_WARN_OBJC_ROOT_CLASS = YES_ERROR;
				CLANG_WARN_QUOTED_INCLUDE_IN_FRAMEWORK_HEADER = YES;
				CLANG_WARN_RANGE_LOOP_ANALYSIS = YES;
				CLANG_WARN_STRICT_PROTOTYPES = YES;
				CLANG_WARN_SUSPICIOUS_MOVE = YES;
				CLANG_WARN_UNGUARDED_AVAILABILITY = YES_AGGRESSIVE;
				CLANG_WARN_UNREACHABLE_CODE = YES;
				CLANG_WARN__DUPLICATE_METHOD_MATCH = YES;
				COPY_PHASE_STRIP = NO;
				DEBUG_INFORMATION_FORMAT = dwarf;
				ENABLE_STRICT_OBJC_MSGSEND = YES;
				ENABLE_TESTABILITY = YES;
				ENABLE_USER_SCRIPT_SANDBOXING = YES;
				GCC_C_LANGUAGE_STANDARD = gnu17;
				GCC_DYNAMIC_NO_PIC = NO;
				GCC_NO_COMMON_BLOCKS = YES;
				GCC_OPTIMIZATION_LEVEL = 0;
				GCC_PREPROCESSOR_DEFINITIONS = (
					"DEBUG=1",
					"$(inherited)",
				);
				GCC_WARN_64_TO_32_BIT_CONVERSION = YES;
				GCC_WARN_ABOUT_RETURN_TYPE = YES_ERROR;
				GCC_WARN_UNDECLARED_SELECTOR = YES;
				GCC_WARN_UNINITIALIZED_AUTOS = YES_AGGRESSIVE;
				GCC_WARN_UNUSED_FUNCTION = YES;
				GCC_WARN_UNUSED_VARIABLE = YES;
				LOCALIZATION_PREFERS_STRING_CATALOGS = YES;
				MACOSX_DEPLOYMENT_TARGET = 26.5;
				MTL_ENABLE_DEBUG_INFO = INCLUDE_SOURCE;
				MTL_FAST_MATH = YES;
				ONLY_ACTIVE_ARCH = YES;
				SDKROOT = macosx;
			};
			name = Debug;
		};
		EF371EF42FB7D50B00B6A5BC /* Release */ = {
			isa = XCBuildConfiguration;
			buildSettings = {
				ALWAYS_SEARCH_USER_PATHS = NO;
				ASSETCATALOG_COMPILER_GENERATE_SWIFT_ASSET_SYMBOL_EXTENSIONS = YES;
				CLANG_ANALYZER_NONNULL = YES;
				CLANG_ANALYZER_NUMBER_OBJECT_CONVERSION = YES_AGGRESSIVE;
				CLANG_CXX_LANGUAGE_STANDARD = "gnu++20";
				CLANG_ENABLE_MODULES = YES;
				CLANG_ENABLE_OBJC_ARC = YES;
				CLANG_ENABLE_OBJC_WEAK = YES;
				CLANG_WARN_BLOCK_CAPTURE_AUTORELEASING = YES;
				CLANG_WARN_BOOL_CONVERSION = YES;
				CLANG_WARN_COMMA = YES;
				CLANG_WARN_CONSTANT_CONVERSION = YES;
				CLANG_WARN_DEPRECATED_OBJC_IMPLEMENTATIONS = YES;
				CLANG_WARN_DIRECT_OBJC_ISA_USAGE = YES_ERROR;
				CLANG_WARN_DOCUMENTATION_COMMENTS = YES;
				CLANG_WARN_EMPTY_BODY = YES;
				CLANG_WARN_ENUM_CONVERSION = YES;
				CLANG_WARN_INFINITE_RECURSION = YES;
				CLANG_WARN_INT_CONVERSION = YES;
				CLANG_WARN_NON_LITERAL_NULL_CONVERSION = YES;
				CLANG_WARN_OBJC_IMPLICIT_RETAIN_SELF = YES;
				CLANG_WARN_OBJC_LITERAL_CONVERSION = YES;
				CLANG_WARN_OBJC_ROOT_CLASS = YES_ERROR;
				CLANG_WARN_QUOTED_INCLUDE_IN_FRAMEWORK_HEADER = YES;
				CLANG_WARN_RANGE_LOOP_ANALYSIS = YES;
				CLANG_WARN_STRICT_PROTOTYPES = YES;
				CLANG_WARN_SUSPICIOUS_MOVE = YES;
				CLANG_WARN_UNGUARDED_AVAILABILITY = YES_AGGRESSIVE;
				CLANG_WARN_UNREACHABLE_CODE = YES;
				CLANG_WARN__DUPLICATE_METHOD_MATCH = YES;
				COPY_PHASE_STRIP = NO;
				DEBUG_INFORMATION_FORMAT = "dwarf-with-dsym";
				ENABLE_NS_ASSERTIONS = NO;
				ENABLE_STRICT_OBJC_MSGSEND = YES;
				ENABLE_USER_SCRIPT_SANDBOXING = YES;
				GCC_C_LANGUAGE_STANDARD = gnu17;
				GCC_NO_COMMON_BLOCKS = YES;
				GCC_WARN_64_TO_32_BIT_CONVERSION = YES;
				GCC_WARN_ABOUT_RETURN_TYPE = YES_ERROR;
				GCC_WARN_UNDECLARED_SELECTOR = YES;
				GCC_WARN_UNINITIALIZED_AUTOS = YES_AGGRESSIVE;
				GCC_WARN_UNUSED_FUNCTION = YES;
				GCC_WARN_UNUSED_VARIABLE = YES;
				LOCALIZATION_PREFERS_STRING_CATALOGS = YES;
				MACOSX_DEPLOYMENT_TARGET = 26.5;
				MTL_ENABLE_DEBUG_INFO = NO;
				MTL_FAST_MATH = YES;
				SDKROOT = macosx;
			};
			name = Release;
		};
		EF371EF62FB7D50B00B6A5BC /* Debug */ = {
			isa = XCBuildConfiguration;
			buildSettings = {
				CLANG_ENABLE_OBJC_ARC = NO;
				CODE_SIGN_STYLE = Automatic;
				COMBINE_HIDPI_IMAGES = YES;
				CURRENT_PROJECT_VERSION = 1;
				FRAMEWORK_SEARCH_PATHS = /Users/rainbowhype/Desktop/MMF2Lib;
				GENERATE_INFOPLIST_FILE = YES;
				HEADER_SEARCH_PATHS = /Users/rainbowhype/Desktop/MMF2Lib/MMF2Lib.framework/Versions/A/Headers;
				INFOPLIST_KEY_NSHumanReadableCopyright = "";
				INFOPLIST_KEY_NSPrincipalClass = "";
				INSTALL_PATH = "$(LOCAL_LIBRARY_DIR)/Bundles";
				MACOSX_DEPLOYMENT_TARGET = 11.5;
				MARKETING_VERSION = 1.0;
				PRODUCT_BUNDLE_IDENTIFIER = com.RainbowHype.ext.SLPA;
				PRODUCT_NAME = "$(TARGET_NAME)";
				SKIP_INSTALL = YES;
				STRING_CATALOG_GENERATE_SYMBOLS = YES;
				SWIFT_EMIT_LOC_STRINGS = YES;
				WRAPPER_EXTENSION = bundle;
			};
			name = Debug;
		};
		EF371EF72FB7D50B00B6A5BC /* Release */ = {
			isa = XCBuildConfiguration;
			buildSettings = {
				CLANG_ENABLE_OBJC_ARC = NO;
				CODE_SIGN_STYLE = Automatic;
				COMBINE_HIDPI_IMAGES = YES;
				CURRENT_PROJECT_VERSION = 1;
				FRAMEWORK_SEARCH_PATHS = /Users/rainbowhype/Desktop/MMF2Lib;
				GENERATE_INFOPLIST_FILE = YES;
				HEADER_SEARCH_PATHS = /Users/rainbowhype/Desktop/MMF2Lib/MMF2Lib.framework/Versions/A/Headers;
				INFOPLIST_KEY_NSHumanReadableCopyright = "";
				INFOPLIST_KEY_NSPrincipalClass = "";
				INSTALL_PATH = "$(LOCAL_LIBRARY_DIR)/Bundles";
				MACOSX_DEPLOYMENT_TARGET = 11.5;
				MARKETING_VERSION = 1.0;
				PRODUCT_BUNDLE_IDENTIFIER = com.RainbowHype.ext.SLPA;
				PRODUCT_NAME = "$(TARGET_NAME)";
				SKIP_INSTALL = YES;
				STRING_CATALOG_GENERATE_SYMBOLS = YES;
				SWIFT_EMIT_LOC_STRINGS = YES;
				WRAPPER_EXTENSION = bundle;
			};
			name = Release;
		};
/* End XCBuildConfiguration section */

/* Begin XCConfigurationList section */
		EF371EEC2FB7D50B00B6A5BC /* Build configuration list for PBXProject "SLPA" */ = {
			isa = XCConfigurationList;
			buildConfigurations = (
				EF371EF32FB7D50B00B6A5BC /* Debug */,
				EF371EF42FB7D50B00B6A5BC /* Release */,
			);
			defaultConfigurationIsVisible = 0;
			defaultConfigurationName = Release;
		};
		EF371EF52FB7D50B00B6A5BC /* Build configuration list for PBXNativeTarget "SLPA" */ = {
			isa = XCConfigurationList;
			buildConfigurations = (
				EF371EF62FB7D50B00B6A5BC /* Debug */,
				EF371EF72FB7D50B00B6A5BC /* Release */,
			);
			defaultConfigurationIsVisible = 0;
			defaultConfigurationName = Release;
		};
/* End XCConfigurationList section */
	};
	rootObject = EF371EE92FB7D50B00B6A5BC /* Project object */;
}
