// !$*UTF8*$!
{
	archiveVersion = 1;
	classes = {
	};
	objectVersion = 77;
	objects = {

/* Begin PBXBuildFile section */
		EF38DFAD2FA143E800F9DA7E /* CRunAdvComment.mm in Sources */ = {isa = PBXBuildFile; fileRef = EF38DFAC2FA143E800F9DA7E /* CRunAdvComment.mm */; };
		EF38DFB02FA144AA00F9DA7E /* AppKit.framework in Frameworks */ = {isa = PBXBuildFile; fileRef = EF38DFAF2FA144AA00F9DA7E /* AppKit.framework */; };
		EF38DFB22FA144B700F9DA7E /* CoreGraphics.framework in Frameworks */ = {isa = PBXBuildFile; fileRef = EF38DFB12FA144B700F9DA7E /* CoreGraphics.framework */; };
		EF38DFB42FA144BF00F9DA7E /* Foundation.framework in Frameworks */ = {isa = PBXBuildFile; fileRef = EF38DFB32FA144BF00F9DA7E /* Foundation.framework */; };
		EF38DFB62FA144D300F9DA7E /* MMF2Lib.framework in Frameworks */ = {isa = PBXBuildFile; fileRef = EF38DFB52FA144D300F9DA7E /* MMF2Lib.framework */; };
/* End PBXBuildFile section */

/* Begin PBXFileReference section */
		EF38DFAB2FA143E800F9DA7E /* CRunAdvComment.h */ = {isa = PBXFileReference; lastKnownFileType = sourcecode.c.h; path = CRunAdvComment.h; sourceTree = "<group>"; };
		EF38DFAC2FA143E800F9DA7E /* CRunAdvComment.mm */ = {isa = PBXFileReference; lastKnownFileType = sourcecode.cpp.objcpp; path = CRunAdvComment.mm; sourceTree = "<group>"; };
		EF38DFAF2FA144AA00F9DA7E /* AppKit.framework */ = {isa = PBXFileReference; lastKnownFileType = wrapper.framework; name = AppKit.framework; path = System/Library/Frameworks/AppKit.framework; sourceTree = SDKROOT; };
		EF38DFB12FA144B700F9DA7E /* CoreGraphics.framework */ = {isa = PBXFileReference; lastKnownFileType = wrapper.framework; name = CoreGraphics.framework; path = System/Library/Frameworks/CoreGraphics.framework; sourceTree = SDKROOT; };
		EF38DFB32FA144BF00F9DA7E /* Foundation.framework */ = {isa = PBXFileReference; lastKnownFileType = wrapper.framework; name = Foundation.framework; path = System/Library/Frameworks/Foundation.framework; sourceTree = SDKROOT; };
		EF38DFB52FA144D300F9DA7E /* MMF2Lib.framework */ = {isa = PBXFileReference; lastKnownFileType = wrapper.framework; name = MMF2Lib.framework; path = /Users/rainbowhype/Desktop/MMF2Lib/MMF2Lib.framework; sourceTree = "<absolute>"; };
		EF7050C82FA020C100C11552 /* AdvComment.bundle */ = {isa = PBXFileReference; explicitFileType = wrapper.cfbundle; includeInIndex = 0; path = AdvComment.bundle; sourceTree = BUILT_PRODUCTS_DIR; };
/* End PBXFileReference section */

/* Begin PBXFrameworksBuildPhase section */
		EF7050C52FA020C100C11552 /* Frameworks */ = {
			isa = PBXFrameworksBuildPhase;
			buildActionMask = 2147483647;
			files = (
				EF38DFB22FA144B700F9DA7E /* CoreGraphics.framework in Frameworks */,
				EF38DFB42FA144BF00F9DA7E /* Foundation.framework in Frameworks */,
				EF38DFB62FA144D300F9DA7E /* MMF2Lib.framework in Frameworks */,
				EF38DFB02FA144AA00F9DA7E /* AppKit.framework in Frameworks */,
			);
			runOnlyForDeploymentPostprocessing = 0;
		};
/* End PBXFrameworksBuildPhase section */

/* Begin PBXGroup section */
		EF38DFAE2FA144AA00F9DA7E /* Frameworks */ = {
			isa = PBXGroup;
			children = (
				EF38DFB32FA144BF00F9DA7E /* Foundation.framework */,
				EF38DFB12FA144B700F9DA7E /* CoreGraphics.framework */,
				EF38DFAF2FA144AA00F9DA7E /* AppKit.framework */,
				EF38DFB52FA144D300F9DA7E /* MMF2Lib.framework */,
			);
			name = Frameworks;
			sourceTree = "<group>";
		};
		EF7050BF2FA020C100C11552 = {
			isa = PBXGroup;
			children = (
				EF38DFAB2FA143E800F9DA7E /* CRunAdvComment.h */,
				EF38DFAC2FA143E800F9DA7E /* CRunAdvComment.mm */,
				EF38DFAE2FA144AA00F9DA7E /* Frameworks */,
				EF7050C92FA020C100C11552 /* Products */,
			);
			sourceTree = "<group>";
		};
		EF7050C92FA020C100C11552 /* Products */ = {
			isa = PBXGroup;
			children = (
				EF7050C82FA020C100C11552 /* AdvComment.bundle */,
			);
			name = Products;
			sourceTree = "<group>";
		};
/* End PBXGroup section */

/* Begin PBXNativeTarget section */
		EF7050C72FA020C100C11552 /* AdvComment */ = {
			isa = PBXNativeTarget;
			buildConfigurationList = EF7050CC2FA020C100C11552 /* Build configuration list for PBXNativeTarget "AdvComment" */;
			buildPhases = (
				EF7050C42FA020C100C11552 /* Sources */,
				EF7050C52FA020C100C11552 /* Frameworks */,
				EF7050C62FA020C100C11552 /* Resources */,
			);
			buildRules = (
			);
			dependencies = (
			);
			name = AdvComment;
			packageProductDependencies = (
			);
			productName = AdvComment;
			productReference = EF7050C82FA020C100C11552 /* AdvComment.bundle */;
			productType = "com.apple.product-type.bundle";
		};
/* End PBXNativeTarget section */

/* Begin PBXProject section */
		EF7050C02FA020C100C11552 /* Project object */ = {
			isa = PBXProject;
			attributes = {
				BuildIndependentTargetsInParallel = 1;
				LastUpgradeCheck = 2640;
				TargetAttributes = {
					EF7050C72FA020C100C11552 = {
						CreatedOnToolsVersion = 26.4.1;
					};
				};
			};
			buildConfigurationList = EF7050C32FA020C100C11552 /* Build configuration list for PBXProject "AdvComment" */;
			developmentRegion = en;
			hasScannedForEncodings = 0;
			knownRegions = (
				en,
				Base,
				English,
			);
			mainGroup = EF7050BF2FA020C100C11552;
			minimizedProjectReferenceProxies = 1;
			preferredProjectObjectVersion = 77;
			productRefGroup = EF7050C92FA020C100C11552 /* Products */;
			projectDirPath = "";
			projectRoot = "";
			targets = (
				EF7050C72FA020C100C11552 /* AdvComment */,
			);
		};
/* End PBXProject section */

/* Begin PBXResourcesBuildPhase section */
		EF7050C62FA020C100C11552 /* Resources */ = {
			isa = PBXResourcesBuildPhase;
			buildActionMask = 2147483647;
			files = (
			);
			runOnlyForDeploymentPostprocessing = 0;
		};
/* End PBXResourcesBuildPhase section */

/* Begin PBXSourcesBuildPhase section */
		EF7050C42FA020C100C11552 /* Sources */ = {
			isa = PBXSourcesBuildPhase;
			buildActionMask = 2147483647;
			files = (
				EF38DFAD2FA143E800F9DA7E /* CRunAdvComment.mm in Sources */,
			);
			runOnlyForDeploymentPostprocessing = 0;
		};
/* End PBXSourcesBuildPhase section */

/* Begin XCBuildConfiguration section */
		EF7050CA2FA020C100C11552 /* Debug */ = {
			isa = XCBuildConfiguration;
			buildSettings = {
				ALWAYS_SEARCH_USER_PATHS = NO;
				ASSETCATALOG_COMPILER_GENERATE_SWIFT_ASSET_SYMBOL_EXTENSIONS = YES;
				CLANG_ANALYZER_NONNULL = YES;
				CLANG_ANALYZER_NUMBER_OBJECT_CONVERSION = YES_AGGRESSIVE;
				CLANG_CXX_LANGUAGE_STANDARD = "gnu++20";
				CLANG_ENABLE_MODULES = YES;
				CLANG_ENABLE_OBJC_ARC = YES;
				CLANG_ENABLE_OBJC_WEAK = YES;
				CLANG_WARN_BLOCK_CAPTURE_AUTORELEASING = YES;
				CLANG_WARN_BOOL_CONVERSION = YES;
				CLANG_WARN_COMMA = YES;
				CLANG_WARN_CONSTANT_CONVERSION = YES;
				CLANG_WARN_DEPRECATED_OBJC_IMPLEMENTATIONS = YES;
				CLANG_WARN_DIRECT_OBJC_ISA_USAGE = YES_ERROR;
				CLANG_WARN_DOCUMENTATION_COMMENTS = YES;
				CLANG_WARN_EMPTY_BODY = YES;
				CLANG_WARN_ENUM_CONVERSION = YES;
				CLANG_WARN_INFINITE_RECURSION = YES;
				CLANG_WARN_INT_CONVERSION = YES;
				CLANG_WARN_NON_LITERAL_NULL_CONVERSION = YES;
				CLANG_WARN_OBJC_IMPLICIT_RETAIN_SELF = YES;
				CLANG_WARN_OBJC_LITERAL_CONVERSION = YES;
				CLANG_WARN_OBJC_ROOT_CLASS = YES_ERROR;
				CLANG_WARN_QUOTED_INCLUDE_IN_FRAMEWORK_HEADER = YES;
				CLANG_WARN_RANGE_LOOP_ANALYSIS = YES;
				CLANG_WARN_STRICT_PROTOTYPES = YES;
				CLANG_WARN_SUSPICIOUS_MOVE = YES;
				CLANG_WARN_UNGUARDED_AVAILABILITY = YES_AGGRESSIVE;
				CLANG_WARN_UNREACHABLE_CODE = YES;
				CLANG_WARN__DUPLICATE_METHOD_MATCH = YES;
				COPY_PHASE_STRIP = NO;
				DEBUG_INFORMATION_FORMAT = dwarf;
				ENABLE_STRICT_OBJC_MSGSEND = YES;
				ENABLE_TESTABILITY = YES;
				ENABLE_USER_SCRIPT_SANDBOXING = YES;
				GCC_C_LANGUAGE_STANDARD = gnu17;
				GCC_DYNAMIC_NO_PIC = NO;
				GCC_NO_COMMON_BLOCKS = YES;
				GCC_OPTIMIZATION_LEVEL = 0;
				GCC_PREPROCESSOR_DEFINITIONS = (
					"DEBUG=1",
					"$(inherited)",
				);
				GCC_WARN_64_TO_32_BIT_CONVERSION = YES;
				GCC_WARN_ABOUT_RETURN_TYPE = YES_ERROR;
				GCC_WARN_UNDECLARED_SELECTOR = YES;
				GCC_WARN_UNINITIALIZED_AUTOS = YES_AGGRESSIVE;
				GCC_WARN_UNUSED_FUNCTION = YES;
				GCC_WARN_UNUSED_VARIABLE = YES;
				LOCALIZATION_PREFERS_STRING_CATALOGS = YES;
				MACOSX_DEPLOYMENT_TARGET = 26.4;
				MTL_ENABLE_DEBUG_INFO = INCLUDE_SOURCE;
				MTL_FAST_MATH = YES;
				ONLY_ACTIVE_ARCH = YES;
				SDKROOT = macosx;
			};
			name = Debug;
		};
		EF7050CB2FA020C100C11552 /* Release */ = {
			isa = XCBuildConfiguration;
			buildSettings = {
				ALWAYS_SEARCH_USER_PATHS = NO;
				ASSETCATALOG_COMPILER_GENERATE_SWIFT_ASSET_SYMBOL_EXTENSIONS = YES;
				CLANG_ANALYZER_NONNULL = YES;
				CLANG_ANALYZER_NUMBER_OBJECT_CONVERSION = YES_AGGRESSIVE;
				CLANG_CXX_LANGUAGE_STANDARD = "gnu++20";
				CLANG_ENABLE_MODULES = YES;
				CLANG_ENABLE_OBJC_ARC = YES;
				CLANG_ENABLE_OBJC_WEAK = YES;
				CLANG_WARN_BLOCK_CAPTURE_AUTORELEASING = YES;
				CLANG_WARN_BOOL_CONVERSION = YES;
				CLANG_WARN_COMMA = YES;
				CLANG_WARN_CONSTANT_CONVERSION = YES;
				CLANG_WARN_DEPRECATED_OBJC_IMPLEMENTATIONS = YES;
				CLANG_WARN_DIRECT_OBJC_ISA_USAGE = YES_ERROR;
				CLANG_WARN_DOCUMENTATION_COMMENTS = YES;
				CLANG_WARN_EMPTY_BODY = YES;
				CLANG_WARN_ENUM_CONVERSION = YES;
				CLANG_WARN_INFINITE_RECURSION = YES;
				CLANG_WARN_INT_CONVERSION = YES;
				CLANG_WARN_NON_LITERAL_NULL_CONVERSION = YES;
				CLANG_WARN_OBJC_IMPLICIT_RETAIN_SELF = YES;
				CLANG_WARN_OBJC_LITERAL_CONVERSION = YES;
				CLANG_WARN_OBJC_ROOT_CLASS = YES_ERROR;
				CLANG_WARN_QUOTED_INCLUDE_IN_FRAMEWORK_HEADER = YES;
				CLANG_WARN_RANGE_LOOP_ANALYSIS = YES;
				CLANG_WARN_STRICT_PROTOTYPES = YES;
				CLANG_WARN_SUSPICIOUS_MOVE = YES;
				CLANG_WARN_UNGUARDED_AVAILABILITY = YES_AGGRESSIVE;
				CLANG_WARN_UNREACHABLE_CODE = YES;
				CLANG_WARN__DUPLICATE_METHOD_MATCH = YES;
				COPY_PHASE_STRIP = NO;
				DEBUG_INFORMATION_FORMAT = "dwarf-with-dsym";
				ENABLE_NS_ASSERTIONS = NO;
				ENABLE_STRICT_OBJC_MSGSEND = YES;
				ENABLE_USER_SCRIPT_SANDBOXING = YES;
				GCC_C_LANGUAGE_STANDARD = gnu17;
				GCC_NO_COMMON_BLOCKS = YES;
				GCC_WARN_64_TO_32_BIT_CONVERSION = YES;
				GCC_WARN_ABOUT_RETURN_TYPE = YES_ERROR;
				GCC_WARN_UNDECLARED_SELECTOR = YES;
				GCC_WARN_UNINITIALIZED_AUTOS = YES_AGGRESSIVE;
				GCC_WARN_UNUSED_FUNCTION = YES;
				GCC_WARN_UNUSED_VARIABLE = YES;
				LOCALIZATION_PREFERS_STRING_CATALOGS = YES;
				MACOSX_DEPLOYMENT_TARGET = 26.4;
				MTL_ENABLE_DEBUG_INFO = NO;
				MTL_FAST_MATH = YES;
				SDKROOT = macosx;
			};
			name = Release;
		};
		EF7050CD2FA020C100C11552 /* Debug */ = {
			isa = XCBuildConfiguration;
			buildSettings = {
				CLANG_ENABLE_OBJC_ARC = NO;
				CODE_SIGN_STYLE = Automatic;
				COMBINE_HIDPI_IMAGES = YES;
				CURRENT_PROJECT_VERSION = 1;
				FRAMEWORK_SEARCH_PATHS = /Users/rainbowhype/Desktop/MMF2Lib;
				GENERATE_INFOPLIST_FILE = YES;
				HEADER_SEARCH_PATHS = /Users/rainbowhype/Desktop/MMF2Lib/MMF2Lib.framework/Versions/A/Headers;
				INFOPLIST_KEY_NSHumanReadableCopyright = "";
				INFOPLIST_KEY_NSPrincipalClass = "";
				INSTALL_PATH = "$(LOCAL_LIBRARY_DIR)/Bundles";
				MACOSX_DEPLOYMENT_TARGET = 11.5;
				MARKETING_VERSION = 1.0.0.0;
				PRODUCT_BUNDLE_IDENTIFIER = com.RainbowHype.ext.AdvComment;
				PRODUCT_NAME = "$(TARGET_NAME)";
				SKIP_INSTALL = YES;
				STRING_CATALOG_GENERATE_SYMBOLS = YES;
				SWIFT_EMIT_LOC_STRINGS = YES;
				WRAPPER_EXTENSION = bundle;
			};
			name = Debug;
		};
		EF7050CE2FA020C100C11552 /* Release */ = {
			isa = XCBuildConfiguration;
			buildSettings = {
				CLANG_ENABLE_OBJC_ARC = NO;
				CODE_SIGN_STYLE = Automatic;
				COMBINE_HIDPI_IMAGES = YES;
				CURRENT_PROJECT_VERSION = 1;
				FRAMEWORK_SEARCH_PATHS = /Users/rainbowhype/Desktop/MMF2Lib;
				GENERATE_INFOPLIST_FILE = YES;
				HEADER_SEARCH_PATHS = /Users/rainbowhype/Desktop/MMF2Lib/MMF2Lib.framework/Versions/A/Headers;
				INFOPLIST_KEY_NSHumanReadableCopyright = "";
				INFOPLIST_KEY_NSPrincipalClass = "";
				INSTALL_PATH = "$(LOCAL_LIBRARY_DIR)/Bundles";
				MACOSX_DEPLOYMENT_TARGET = 11.5;
				MARKETING_VERSION = 1.0.0.0;
				ONLY_ACTIVE_ARCH = YES;
				PRODUCT_BUNDLE_IDENTIFIER = com.RainbowHype.ext.AdvComment;
				PRODUCT_NAME = "$(TARGET_NAME)";
				SKIP_INSTALL = YES;
				STRING_CATALOG_GENERATE_SYMBOLS = YES;
				SWIFT_EMIT_LOC_STRINGS = YES;
				WRAPPER_EXTENSION = bundle;
			};
			name = Release;
		};
/* End XCBuildConfiguration section */

/* Begin XCConfigurationList section */
		EF7050C32FA020C100C11552 /* Build configuration list for PBXProject "AdvComment" */ = {
			isa = XCConfigurationList;
			buildConfigurations = (
				EF7050CA2FA020C100C11552 /* Debug */,
				EF7050CB2FA020C100C11552 /* Release */,
			);
			defaultConfigurationIsVisible = 0;
			defaultConfigurationName = Release;
		};
		EF7050CC2FA020C100C11552 /* Build configuration list for PBXNativeTarget "AdvComment" */ = {
			isa = XCConfigurationList;
			buildConfigurations = (
				EF7050CD2FA020C100C11552 /* Debug */,
				EF7050CE2FA020C100C11552 /* Release */,
			);
			defaultConfigurationIsVisible = 0;
			defaultConfigurationName = Release;
		};
/* End XCConfigurationList section */
	};
	rootObject = EF7050C02FA020C100C11552 /* Project object */;
}
