
Microsoft Visual Studio Solution File, Format Version 12.00
# Visual Studio 15
VisualStudioVersion = 15.0.37131.7
MinimumVisualStudioVersion = 10.0.40219.1
Project("{8BC9CEB8-8B4A-11D0-8D11-00A0C91BC942}") = "Font Embed Object.Android", "Font Embed Object.Android.vcxproj", "{7C84E12C-9C17-4DE2-A0C6-AA298C5DE084}"
EndProject
Project("{8BC9CEB8-8B4A-11D0-8D11-00A0C91BC942}") = "Font Embed Object.iOS", "Font Embed Object.iOS.vcxproj", "{975253BC-F180-4A44-BEDF-6DA9843FAF59}"
EndProject
Project("{8BC9CEB8-8B4A-11D0-8D11-00A0C91BC942}") = "Font Embed Object.Mac", "Font Embed Object.Mac.vcxproj", "{4BEB6EC0-4B20-4869-A738-82650E4C6820}"
EndProject
Project("{8BC9CEB8-8B4A-11D0-8D11-00A0C91BC942}") = "Font Embed Object.Shared", "Font Embed Object.Shared.vcxitems", "{BB93A0DE-C7EC-4B27-BC7A-676A8D9382A5}"
EndProject
Project("{8BC9CEB8-8B4A-11D0-8D11-00A0C91BC942}") = "Font Embed Object.Windows", "Font Embed Object.Windows.vcxproj", "{328E00E9-2EC1-41C4-BFA3-5EF070427A1E}"
EndProject
Global
	GlobalSection(SharedMSBuildProjectFiles) = preSolution
		Font Embed Object.Shared.vcxitems*{328e00e9-2ec1-41c4-bfa3-5ef070427a1e}*SharedItemImports = 4
		Font Embed Object.Shared.vcxitems*{4beb6ec0-4b20-4869-a738-82650e4c6820}*SharedItemImports = 4
		Font Embed Object.Shared.vcxitems*{7c84e12c-9c17-4de2-a0c6-aa298c5de084}*SharedItemImports = 4
		Font Embed Object.Shared.vcxitems*{975253bc-f180-4a44-bedf-6da9843faf59}*SharedItemImports = 4
		Font Embed Object.Shared.vcxitems*{bb93a0de-c7ec-4b27-bc7a-676a8d9382a5}*SharedItemImports = 9
		Font Embed Object.Shared.vcxitems*{328e00e9-2ec1-41c4-bfa3-5ef070427a1e}*SharedItemsImports = 4
		Font Embed Object.Shared.vcxitems*{bb93a0de-c7ec-4b27-bc7a-676a8d9382a5}*SharedItemsImports = 9
	EndGlobalSection
	GlobalSection(SolutionConfigurationPlatforms) = preSolution
		Debug Unicode|ARM = Debug Unicode|ARM
		Debug Unicode|ARM64 = Debug Unicode|ARM64
		Debug Unicode|x64 = Debug Unicode|x64
		Debug Unicode|x86 = Debug Unicode|x86
		Debug|ARM = Debug|ARM
		Debug|ARM64 = Debug|ARM64
		Debug|x64 = Debug|x64
		Debug|x86 = Debug|x86
		Edittime Unicode|ARM = Edittime Unicode|ARM
		Edittime Unicode|ARM64 = Edittime Unicode|ARM64
		Edittime Unicode|x64 = Edittime Unicode|x64
		Edittime Unicode|x86 = Edittime Unicode|x86
		Edittime|ARM = Edittime|ARM
		Edittime|ARM64 = Edittime|ARM64
		Edittime|x64 = Edittime|x64
		Edittime|x86 = Edittime|x86
		Runtime Unicode|ARM = Runtime Unicode|ARM
		Runtime Unicode|ARM64 = Runtime Unicode|ARM64
		Runtime Unicode|x64 = Runtime Unicode|x64
		Runtime Unicode|x86 = Runtime Unicode|x86
		Runtime|ARM = Runtime|ARM
		Runtime|ARM64 = Runtime|ARM64
		Runtime|x64 = Runtime|x64
		Runtime|x86 = Runtime|x86
	EndGlobalSection
	GlobalSection(ProjectConfigurationPlatforms) = postSolution
		{7C84E12C-9C17-4DE2-A0C6-AA298C5DE084}.Debug Unicode|ARM.ActiveCfg = Debug|ARM
		{7C84E12C-9C17-4DE2-A0C6-AA298C5DE084}.Debug Unicode|ARM.Build.0 = Debug|ARM
		{7C84E12C-9C17-4DE2-A0C6-AA298C5DE084}.Debug Unicode|ARM64.ActiveCfg = Debug|ARM64
		{7C84E12C-9C17-4DE2-A0C6-AA298C5DE084}.Debug Unicode|ARM64.Build.0 = Debug|ARM64
		{7C84E12C-9C17-4DE2-A0C6-AA298C5DE084}.Debug Unicode|x64.ActiveCfg = Debug|x64
		{7C84E12C-9C17-4DE2-A0C6-AA298C5DE084}.Debug Unicode|x64.Build.0 = Debug|x64
		{7C84E12C-9C17-4DE2-A0C6-AA298C5DE084}.Debug Unicode|x86.ActiveCfg = Debug|x86
		{7C84E12C-9C17-4DE2-A0C6-AA298C5DE084}.Debug Unicode|x86.Build.0 = Debug|x86
		{7C84E12C-9C17-4DE2-A0C6-AA298C5DE084}.Debug|ARM.ActiveCfg = Debug|ARM
		{7C84E12C-9C17-4DE2-A0C6-AA298C5DE084}.Debug|ARM.Build.0 = Debug|ARM
		{7C84E12C-9C17-4DE2-A0C6-AA298C5DE084}.Debug|ARM64.ActiveCfg = Debug|ARM64
		{7C84E12C-9C17-4DE2-A0C6-AA298C5DE084}.Debug|ARM64.Build.0 = Debug|ARM64
		{7C84E12C-9C17-4DE2-A0C6-AA298C5DE084}.Debug|x64.ActiveCfg = Debug|x64
		{7C84E12C-9C17-4DE2-A0C6-AA298C5DE084}.Debug|x64.Build.0 = Debug|x64
		{7C84E12C-9C17-4DE2-A0C6-AA298C5DE084}.Debug|x86.ActiveCfg = Debug|x86
		{7C84E12C-9C17-4DE2-A0C6-AA298C5DE084}.Debug|x86.Build.0 = Debug|x86
		{7C84E12C-9C17-4DE2-A0C6-AA298C5DE084}.Edittime Unicode|ARM.ActiveCfg = Runtime|ARM
		{7C84E12C-9C17-4DE2-A0C6-AA298C5DE084}.Edittime Unicode|ARM64.ActiveCfg = Runtime|ARM64
		{7C84E12C-9C17-4DE2-A0C6-AA298C5DE084}.Edittime Unicode|x64.ActiveCfg = Runtime|x64
		{7C84E12C-9C17-4DE2-A0C6-AA298C5DE084}.Edittime Unicode|x86.ActiveCfg = Runtime|x86
		{7C84E12C-9C17-4DE2-A0C6-AA298C5DE084}.Edittime|ARM.ActiveCfg = Runtime|ARM
		{7C84E12C-9C17-4DE2-A0C6-AA298C5DE084}.Edittime|ARM64.ActiveCfg = Runtime|ARM64
		{7C84E12C-9C17-4DE2-A0C6-AA298C5DE084}.Edittime|x64.ActiveCfg = Runtime|x64
		{7C84E12C-9C17-4DE2-A0C6-AA298C5DE084}.Edittime|x86.ActiveCfg = Runtime|x86
		{7C84E12C-9C17-4DE2-A0C6-AA298C5DE084}.Runtime Unicode|ARM.ActiveCfg = Runtime|ARM
		{7C84E12C-9C17-4DE2-A0C6-AA298C5DE084}.Runtime Unicode|ARM.Build.0 = Runtime|ARM
		{7C84E12C-9C17-4DE2-A0C6-AA298C5DE084}.Runtime Unicode|ARM64.ActiveCfg = Runtime|ARM64
		{7C84E12C-9C17-4DE2-A0C6-AA298C5DE084}.Runtime Unicode|ARM64.Build.0 = Runtime|ARM64
		{7C84E12C-9C17-4DE2-A0C6-AA298C5DE084}.Runtime Unicode|x64.ActiveCfg = Runtime|x64
		{7C84E12C-9C17-4DE2-A0C6-AA298C5DE084}.Runtime Unicode|x64.Build.0 = Runtime|x64
		{7C84E12C-9C17-4DE2-A0C6-AA298C5DE084}.Runtime Unicode|x86.ActiveCfg = Runtime|x86
		{7C84E12C-9C17-4DE2-A0C6-AA298C5DE084}.Runtime Unicode|x86.Build.0 = Runtime|x86
		{7C84E12C-9C17-4DE2-A0C6-AA298C5DE084}.Runtime|ARM.ActiveCfg = Runtime|ARM
		{7C84E12C-9C17-4DE2-A0C6-AA298C5DE084}.Runtime|ARM.Build.0 = Runtime|ARM
		{7C84E12C-9C17-4DE2-A0C6-AA298C5DE084}.Runtime|ARM64.ActiveCfg = Runtime|ARM64
		{7C84E12C-9C17-4DE2-A0C6-AA298C5DE084}.Runtime|ARM64.Build.0 = Runtime|ARM64
		{7C84E12C-9C17-4DE2-A0C6-AA298C5DE084}.Runtime|x64.ActiveCfg = Runtime|x64
		{7C84E12C-9C17-4DE2-A0C6-AA298C5DE084}.Runtime|x64.Build.0 = Runtime|x64
		{7C84E12C-9C17-4DE2-A0C6-AA298C5DE084}.Runtime|x86.ActiveCfg = Runtime|x86
		{7C84E12C-9C17-4DE2-A0C6-AA298C5DE084}.Runtime|x86.Build.0 = Runtime|x86
		{975253BC-F180-4A44-BEDF-6DA9843FAF59}.Debug Unicode|ARM.ActiveCfg = Debug|ARM
		{975253BC-F180-4A44-BEDF-6DA9843FAF59}.Debug Unicode|ARM.Build.0 = Debug|ARM
		{975253BC-F180-4A44-BEDF-6DA9843FAF59}.Debug Unicode|ARM64.ActiveCfg = Debug|ARM64
		{975253BC-F180-4A44-BEDF-6DA9843FAF59}.Debug Unicode|ARM64.Build.0 = Debug|ARM64
		{975253BC-F180-4A44-BEDF-6DA9843FAF59}.Debug Unicode|x64.ActiveCfg = Debug|x64
		{975253BC-F180-4A44-BEDF-6DA9843FAF59}.Debug Unicode|x64.Build.0 = Debug|x64
		{975253BC-F180-4A44-BEDF-6DA9843FAF59}.Debug Unicode|x86.ActiveCfg = Debug|x86
		{975253BC-F180-4A44-BEDF-6DA9843FAF59}.Debug Unicode|x86.Build.0 = Debug|x86
		{975253BC-F180-4A44-BEDF-6DA9843FAF59}.Debug|ARM.ActiveCfg = Debug|ARM
		{975253BC-F180-4A44-BEDF-6DA9843FAF59}.Debug|ARM.Build.0 = Debug|ARM
		{975253BC-F180-4A44-BEDF-6DA9843FAF59}.Debug|ARM64.ActiveCfg = Debug|ARM64
		{975253BC-F180-4A44-BEDF-6DA9843FAF59}.Debug|ARM64.Build.0 = Debug|ARM64
		{975253BC-F180-4A44-BEDF-6DA9843FAF59}.Debug|x64.ActiveCfg = Debug|x64
		{975253BC-F180-4A44-BEDF-6DA9843FAF59}.Debug|x64.Build.0 = Debug|x64
		{975253BC-F180-4A44-BEDF-6DA9843FAF59}.Debug|x86.ActiveCfg = Debug|x86
		{975253BC-F180-4A44-BEDF-6DA9843FAF59}.Debug|x86.Build.0 = Debug|x86
		{975253BC-F180-4A44-BEDF-6DA9843FAF59}.Edittime Unicode|ARM.ActiveCfg = Runtime|ARM
		{975253BC-F180-4A44-BEDF-6DA9843FAF59}.Edittime Unicode|ARM64.ActiveCfg = Runtime|ARM64
		{975253BC-F180-4A44-BEDF-6DA9843FAF59}.Edittime Unicode|x64.ActiveCfg = Runtime|x64
		{975253BC-F180-4A44-BEDF-6DA9843FAF59}.Edittime Unicode|x86.ActiveCfg = Runtime|x86
		{975253BC-F180-4A44-BEDF-6DA9843FAF59}.Edittime|ARM.ActiveCfg = Runtime|ARM
		{975253BC-F180-4A44-BEDF-6DA9843FAF59}.Edittime|ARM64.ActiveCfg = Runtime|ARM64
		{975253BC-F180-4A44-BEDF-6DA9843FAF59}.Edittime|x64.ActiveCfg = Runtime|x64
		{975253BC-F180-4A44-BEDF-6DA9843FAF59}.Edittime|x86.ActiveCfg = Runtime|x86
		{975253BC-F180-4A44-BEDF-6DA9843FAF59}.Runtime Unicode|ARM.ActiveCfg = Runtime|ARM
		{975253BC-F180-4A44-BEDF-6DA9843FAF59}.Runtime Unicode|ARM.Build.0 = Runtime|ARM
		{975253BC-F180-4A44-BEDF-6DA9843FAF59}.Runtime Unicode|ARM64.ActiveCfg = Runtime|ARM64
		{975253BC-F180-4A44-BEDF-6DA9843FAF59}.Runtime Unicode|ARM64.Build.0 = Runtime|ARM64
		{975253BC-F180-4A44-BEDF-6DA9843FAF59}.Runtime Unicode|x64.ActiveCfg = Runtime|x64
		{975253BC-F180-4A44-BEDF-6DA9843FAF59}.Runtime Unicode|x64.Build.0 = Runtime|x64
		{975253BC-F180-4A44-BEDF-6DA9843FAF59}.Runtime Unicode|x86.ActiveCfg = Runtime|x86
		{975253BC-F180-4A44-BEDF-6DA9843FAF59}.Runtime Unicode|x86.Build.0 = Runtime|x86
		{975253BC-F180-4A44-BEDF-6DA9843FAF59}.Runtime|ARM.ActiveCfg = Runtime|ARM
		{975253BC-F180-4A44-BEDF-6DA9843FAF59}.Runtime|ARM.Build.0 = Runtime|ARM
		{975253BC-F180-4A44-BEDF-6DA9843FAF59}.Runtime|ARM64.ActiveCfg = Runtime|ARM64
		{975253BC-F180-4A44-BEDF-6DA9843FAF59}.Runtime|ARM64.Build.0 = Runtime|ARM64
		{975253BC-F180-4A44-BEDF-6DA9843FAF59}.Runtime|x64.ActiveCfg = Runtime|x64
		{975253BC-F180-4A44-BEDF-6DA9843FAF59}.Runtime|x64.Build.0 = Runtime|x64
		{975253BC-F180-4A44-BEDF-6DA9843FAF59}.Runtime|x86.ActiveCfg = Runtime|x86
		{975253BC-F180-4A44-BEDF-6DA9843FAF59}.Runtime|x86.Build.0 = Runtime|x86
		{4BEB6EC0-4B20-4869-A738-82650E4C6820}.Debug Unicode|ARM.ActiveCfg = Debug|ARM64
		{4BEB6EC0-4B20-4869-A738-82650E4C6820}.Debug Unicode|ARM64.ActiveCfg = Debug|ARM64
		{4BEB6EC0-4B20-4869-A738-82650E4C6820}.Debug Unicode|ARM64.Build.0 = Debug|ARM64
		{4BEB6EC0-4B20-4869-A738-82650E4C6820}.Debug Unicode|x64.ActiveCfg = Debug|x64
		{4BEB6EC0-4B20-4869-A738-82650E4C6820}.Debug Unicode|x64.Build.0 = Debug|x64
		{4BEB6EC0-4B20-4869-A738-82650E4C6820}.Debug Unicode|x86.ActiveCfg = Debug|ARM64
		{4BEB6EC0-4B20-4869-A738-82650E4C6820}.Debug|ARM.ActiveCfg = Debug|ARM64
		{4BEB6EC0-4B20-4869-A738-82650E4C6820}.Debug|ARM64.ActiveCfg = Debug|ARM64
		{4BEB6EC0-4B20-4869-A738-82650E4C6820}.Debug|ARM64.Build.0 = Debug|ARM64
		{4BEB6EC0-4B20-4869-A738-82650E4C6820}.Debug|x64.ActiveCfg = Debug|x64
		{4BEB6EC0-4B20-4869-A738-82650E4C6820}.Debug|x64.Build.0 = Debug|x64
		{4BEB6EC0-4B20-4869-A738-82650E4C6820}.Debug|x86.ActiveCfg = Debug|ARM64
		{4BEB6EC0-4B20-4869-A738-82650E4C6820}.Edittime Unicode|ARM.ActiveCfg = Runtime|ARM64
		{4BEB6EC0-4B20-4869-A738-82650E4C6820}.Edittime Unicode|ARM64.ActiveCfg = Runtime|ARM64
		{4BEB6EC0-4B20-4869-A738-82650E4C6820}.Edittime Unicode|x64.ActiveCfg = Runtime|x64
		{4BEB6EC0-4B20-4869-A738-82650E4C6820}.Edittime Unicode|x86.ActiveCfg = Runtime|ARM64
		{4BEB6EC0-4B20-4869-A738-82650E4C6820}.Edittime|ARM.ActiveCfg = Runtime|ARM64
		{4BEB6EC0-4B20-4869-A738-82650E4C6820}.Edittime|ARM64.ActiveCfg = Runtime|ARM64
		{4BEB6EC0-4B20-4869-A738-82650E4C6820}.Edittime|x64.ActiveCfg = Runtime|x64
		{4BEB6EC0-4B20-4869-A738-82650E4C6820}.Edittime|x86.ActiveCfg = Runtime|ARM64
		{4BEB6EC0-4B20-4869-A738-82650E4C6820}.Runtime Unicode|ARM.ActiveCfg = Runtime|ARM64
		{4BEB6EC0-4B20-4869-A738-82650E4C6820}.Runtime Unicode|ARM64.ActiveCfg = Runtime|ARM64
		{4BEB6EC0-4B20-4869-A738-82650E4C6820}.Runtime Unicode|ARM64.Build.0 = Runtime|ARM64
		{4BEB6EC0-4B20-4869-A738-82650E4C6820}.Runtime Unicode|x64.ActiveCfg = Runtime|x64
		{4BEB6EC0-4B20-4869-A738-82650E4C6820}.Runtime Unicode|x64.Build.0 = Runtime|x64
		{4BEB6EC0-4B20-4869-A738-82650E4C6820}.Runtime Unicode|x86.ActiveCfg = Runtime|ARM64
		{4BEB6EC0-4B20-4869-A738-82650E4C6820}.Runtime|ARM.ActiveCfg = Runtime|ARM64
		{4BEB6EC0-4B20-4869-A738-82650E4C6820}.Runtime|ARM64.ActiveCfg = Runtime|ARM64
		{4BEB6EC0-4B20-4869-A738-82650E4C6820}.Runtime|ARM64.Build.0 = Runtime|ARM64
		{4BEB6EC0-4B20-4869-A738-82650E4C6820}.Runtime|x64.ActiveCfg = Runtime|x64
		{4BEB6EC0-4B20-4869-A738-82650E4C6820}.Runtime|x64.Build.0 = Runtime|x64
		{4BEB6EC0-4B20-4869-A738-82650E4C6820}.Runtime|x86.ActiveCfg = Runtime|ARM64
		{328E00E9-2EC1-41C4-BFA3-5EF070427A1E}.Debug Unicode|ARM.ActiveCfg = Debug Unicode|Win32
		{328E00E9-2EC1-41C4-BFA3-5EF070427A1E}.Debug Unicode|ARM64.ActiveCfg = Debug Unicode|Win32
		{328E00E9-2EC1-41C4-BFA3-5EF070427A1E}.Debug Unicode|x64.ActiveCfg = Debug Unicode|Win32
		{328E00E9-2EC1-41C4-BFA3-5EF070427A1E}.Debug Unicode|x86.ActiveCfg = Debug Unicode|Win32
		{328E00E9-2EC1-41C4-BFA3-5EF070427A1E}.Debug Unicode|x86.Build.0 = Debug Unicode|Win32
		{328E00E9-2EC1-41C4-BFA3-5EF070427A1E}.Debug|ARM.ActiveCfg = Debug|Win32
		{328E00E9-2EC1-41C4-BFA3-5EF070427A1E}.Debug|ARM64.ActiveCfg = Debug|Win32
		{328E00E9-2EC1-41C4-BFA3-5EF070427A1E}.Debug|x64.ActiveCfg = Debug|Win32
		{328E00E9-2EC1-41C4-BFA3-5EF070427A1E}.Debug|x86.ActiveCfg = Debug|Win32
		{328E00E9-2EC1-41C4-BFA3-5EF070427A1E}.Debug|x86.Build.0 = Debug|Win32
		{328E00E9-2EC1-41C4-BFA3-5EF070427A1E}.Edittime Unicode|ARM.ActiveCfg = Edittime Unicode|Win32
		{328E00E9-2EC1-41C4-BFA3-5EF070427A1E}.Edittime Unicode|ARM64.ActiveCfg = Edittime Unicode|Win32
		{328E00E9-2EC1-41C4-BFA3-5EF070427A1E}.Edittime Unicode|x64.ActiveCfg = Edittime Unicode|Win32
		{328E00E9-2EC1-41C4-BFA3-5EF070427A1E}.Edittime Unicode|x86.ActiveCfg = Edittime Unicode|Win32
		{328E00E9-2EC1-41C4-BFA3-5EF070427A1E}.Edittime Unicode|x86.Build.0 = Edittime Unicode|Win32
		{328E00E9-2EC1-41C4-BFA3-5EF070427A1E}.Edittime|ARM.ActiveCfg = Edittime|Win32
		{328E00E9-2EC1-41C4-BFA3-5EF070427A1E}.Edittime|ARM64.ActiveCfg = Edittime|Win32
		{328E00E9-2EC1-41C4-BFA3-5EF070427A1E}.Edittime|x64.ActiveCfg = Edittime|Win32
		{328E00E9-2EC1-41C4-BFA3-5EF070427A1E}.Edittime|x86.ActiveCfg = Edittime|Win32
		{328E00E9-2EC1-41C4-BFA3-5EF070427A1E}.Edittime|x86.Build.0 = Edittime|Win32
		{328E00E9-2EC1-41C4-BFA3-5EF070427A1E}.Runtime Unicode|ARM.ActiveCfg = Runtime Unicode|Win32
		{328E00E9-2EC1-41C4-BFA3-5EF070427A1E}.Runtime Unicode|ARM64.ActiveCfg = Runtime Unicode|Win32
		{328E00E9-2EC1-41C4-BFA3-5EF070427A1E}.Runtime Unicode|x64.ActiveCfg = Runtime Unicode|Win32
		{328E00E9-2EC1-41C4-BFA3-5EF070427A1E}.Runtime Unicode|x86.ActiveCfg = Runtime Unicode|Win32
		{328E00E9-2EC1-41C4-BFA3-5EF070427A1E}.Runtime Unicode|x86.Build.0 = Runtime Unicode|Win32
		{328E00E9-2EC1-41C4-BFA3-5EF070427A1E}.Runtime|ARM.ActiveCfg = Runtime|Win32
		{328E00E9-2EC1-41C4-BFA3-5EF070427A1E}.Runtime|ARM64.ActiveCfg = Runtime|Win32
		{328E00E9-2EC1-41C4-BFA3-5EF070427A1E}.Runtime|x64.ActiveCfg = Runtime|Win32
		{328E00E9-2EC1-41C4-BFA3-5EF070427A1E}.Runtime|x86.ActiveCfg = Runtime|Win32
		{328E00E9-2EC1-41C4-BFA3-5EF070427A1E}.Runtime|x86.Build.0 = Runtime|Win32
	EndGlobalSection
	GlobalSection(SolutionProperties) = preSolution
		HideSolutionNode = FALSE
	EndGlobalSection
	GlobalSection(ExtensibilityGlobals) = postSolution
		SolutionGuid = {91DEF433-A2D1-4074-8F2A-DD9AFE84284F}
	EndGlobalSection
EndGlobal
