// !$*UTF8*$!
{
	archiveVersion = 1;
	classes = {
	};
	objectVersion = 77;
	objects = {

/* Begin PBXBuildFile section */
		EF38DFA12FA13DFA00F9DA7E /* AppKit.framework in Frameworks */ = {isa = PBXBuildFile; fileRef = EF38DFA02FA13DFA00F9DA7E /* AppKit.framework */; };
		EF38DFA32FA13E5900F9DA7E /* CoreGraphics.framework in Frameworks */ = {isa = PBXBuildFile; fileRef = EF38DFA22FA13E5900F9DA7E /* CoreGraphics.framework */; };
		EF38DFA52FA13E6700F9DA7E /* Foundation.framework in Frameworks */ = {isa = PBXBuildFile; fileRef = EF38DFA42FA13E6700F9DA7E /* Foundation.framework */; };
		EF38DFA82FA1403000F9DA7E /* CRuncommentor.mm in Sources */ = {isa = PBXBuildFile; fileRef = EF38DFA72FA1403000F9DA7E /* CRuncommentor.mm */; };
		EF38DFAA2FA1421C00F9DA7E /* MMF2Lib.framework in Frameworks */ = {isa = PBXBuildFile; fileRef = EF38DFA92FA1421C00F9DA7E /* MMF2Lib.framework */; };
/* End PBXBuildFile section */

/* Begin PBXFileReference section */
		EF38DF982FA13DE600F9DA7E /* commentor.bundle */ = {isa = PBXFileReference; explicitFileType = wrapper.cfbundle; includeInIndex = 0; path = commentor.bundle; sourceTree = BUILT_PRODUCTS_DIR; };
		EF38DFA02FA13DFA00F9DA7E /* AppKit.framework */ = {isa = PBXFileReference; lastKnownFileType = wrapper.framework; name = AppKit.framework; path = System/Library/Frameworks/AppKit.framework; sourceTree = SDKROOT; };
		EF38DFA22FA13E5900F9DA7E /* CoreGraphics.framework */ = {isa = PBXFileReference; lastKnownFileType = wrapper.framework; name = CoreGraphics.framework; path = System/Library/Frameworks/CoreGraphics.framework; sourceTree = SDKROOT; };
		EF38DFA42FA13E6700F9DA7E /* Foundation.framework */ = {isa = PBXFileReference; lastKnownFileType = wrapper.framework; name = Foundation.framework; path = System/Library/Frameworks/Foundation.framework; sourceTree = SDKROOT; };
		EF38DFA62FA1403000F9DA7E /* CRuncommentor.h */ = {isa = PBXFileReference; lastKnownFileType = sourcecode.c.h; path = CRuncommentor.h; sourceTree = "<group>"; };
		EF38DFA72FA1403000F9DA7E /* CRuncommentor.mm */ = {isa = PBXFileReference; lastKnownFileType = sourcecode.cpp.objcpp; path = CRuncommentor.mm; sourceTree = "<group>"; };
		EF38DFA92FA1421C00F9DA7E /* MMF2Lib.framework */ = {isa = PBXFileReference; lastKnownFileType = wrapper.framework; name = MMF2Lib.framework; path = /Users/rainbowhype/Desktop/MMF2Lib/MMF2Lib.framework; sourceTree = "<absolute>"; };
/* End PBXFileReference section */

/* Begin PBXFrameworksBuildPhase section */
		EF38DF952FA13DE600F9DA7E /* Frameworks */ = {
			isa = PBXFrameworksBuildPhase;
			buildActionMask = 2147483647;
			files = (
				EF38DFA32FA13E5900F9DA7E /* CoreGraphics.framework in Frameworks */,
				EF38DFA52FA13E6700F9DA7E /* Foundation.framework in Frameworks */,
				EF38DFAA2FA1421C00F9DA7E /* MMF2Lib.framework in Frameworks */,
				EF38DFA12FA13DFA00F9DA7E /* AppKit.framework in Frameworks */,
			);
			runOnlyForDeploymentPostprocessing = 0;
		};
/* End PBXFrameworksBuildPhase section */

/* Begin PBXGroup section */
		EF38DF8F2FA13DE600F9DA7E = {
			isa = PBXGroup;
			children = (
				EF38DF9F2FA13DFA00F9DA7E /* Frameworks */,
				EF38DF992FA13DE600F9DA7E /* Products */,
				EF38DFA62FA1403000F9DA7E /* CRuncommentor.h */,
				EF38DFA72FA1403000F9DA7E /* CRuncommentor.mm */,
			);
			sourceTree = "<group>";
		};
		EF38DF992FA13DE600F9DA7E /* Products */ = {
			isa = PBXGroup;
			children = (
				EF38DF982FA13DE600F9DA7E /* commentor.bundle */,
			);
			name = Products;
			sourceTree = "<group>";
		};
		EF38DF9F2FA13DFA00F9DA7E /* Frameworks */ = {
			isa = PBXGroup;
			children = (
				EF38DFA92FA1421C00F9DA7E /* MMF2Lib.framework */,
				EF38DFA42FA13E6700F9DA7E /* Foundation.framework */,
				EF38DFA22FA13E5900F9DA7E /* CoreGraphics.framework */,
				EF38DFA02FA13DFA00F9DA7E /* AppKit.framework */,
			);
			name = Frameworks;
			sourceTree = "<group>";
		};
/* End PBXGroup section */

/* Begin PBXNativeTarget section */
		EF38DF972FA13DE600F9DA7E /* commentor */ = {
			isa = PBXNativeTarget;
			buildConfigurationList = EF38DF9C2FA13DE600F9DA7E /* Build configuration list for PBXNativeTarget "commentor" */;
			buildPhases = (
				EF38DF942FA13DE600F9DA7E /* Sources */,
				EF38DF952FA13DE600F9DA7E /* Frameworks */,
				EF38DF962FA13DE600F9DA7E /* Resources */,
			);
			buildRules = (
			);
			dependencies = (
			);
			name = commentor;
			packageProductDependencies = (
			);
			productName = commentor;
			productReference = EF38DF982FA13DE600F9DA7E /* commentor.bundle */;
			productType = "com.apple.product-type.bundle";
		};
/* End PBXNativeTarget section */

/* Begin PBXProject section */
		EF38DF902FA13DE600F9DA7E /* Project object */ = {
			isa = PBXProject;
			attributes = {
				BuildIndependentTargetsInParallel = 1;
				LastUpgradeCheck = 2640;
				TargetAttributes = {
					EF38DF972FA13DE600F9DA7E = {
						CreatedOnToolsVersion = 26.4.1;
					};
				};
			};
			buildConfigurationList = EF38DF932FA13DE600F9DA7E /* Build configuration list for PBXProject "commentor" */;
			developmentRegion = en;
			hasScannedForEncodings = 0;
			knownRegions = (
				en,
				Base,
			);
			mainGroup = EF38DF8F2FA13DE600F9DA7E;
			minimizedProjectReferenceProxies = 1;
			preferredProjectObjectVersion = 77;
			productRefGroup = EF38DF992FA13DE600F9DA7E /* Products */;
			projectDirPath = "";
			projectRoot = "";
			targets = (
				EF38DF972FA13DE600F9DA7E /* commentor */,
			);
		};
/* End PBXProject section */

/* Begin PBXResourcesBuildPhase section */
		EF38DF962FA13DE600F9DA7E /* Resources */ = {
			isa = PBXResourcesBuildPhase;
			buildActionMask = 2147483647;
			files = (
			);
			runOnlyForDeploymentPostprocessing = 0;
		};
/* End PBXResourcesBuildPhase section */

/* Begin PBXSourcesBuildPhase section */
		EF38DF942FA13DE600F9DA7E /* Sources */ = {
			isa = PBXSourcesBuildPhase;
			buildActionMask = 2147483647;
			files = (
				EF38DFA82FA1403000F9DA7E /* CRuncommentor.mm in Sources */,
			);
			runOnlyForDeploymentPostprocessing = 0;
		};
/* End PBXSourcesBuildPhase section */

/* Begin XCBuildConfiguration section */
		EF38DF9A2FA13DE600F9DA7E /* Debug */ = {
			isa = XCBuildConfiguration;
			buildSettings = {
				ALWAYS_SEARCH_USER_PATHS = NO;
				ASSETCATALOG_COMPILER_GENERATE_SWIFT_ASSET_SYMBOL_EXTENSIONS = YES;
				CLANG_ANALYZER_NONNULL = YES;
				CLANG_ANALYZER_NUMBER_OBJECT_CONVERSION = YES_AGGRESSIVE;
				CLANG_CXX_LANGUAGE_STANDARD = "gnu++20";
				CLANG_ENABLE_MODULES = YES;
				CLANG_ENABLE_OBJC_ARC = YES;
				CLANG_ENABLE_OBJC_WEAK = YES;
				CLANG_WARN_BLOCK_CAPTURE_AUTORELEASING = YES;
				CLANG_WARN_BOOL_CONVERSION = YES;
				CLANG_WARN_COMMA = YES;
				CLANG_WARN_CONSTANT_CONVERSION = YES;
				CLANG_WARN_DEPRECATED_OBJC_IMPLEMENTATIONS = YES;
				CLANG_WARN_DIRECT_OBJC_ISA_USAGE = YES_ERROR;
				CLANG_WARN_DOCUMENTATION_COMMENTS = YES;
				CLANG_WARN_EMPTY_BODY = YES;
				CLANG_WARN_ENUM_CONVERSION = YES;
				CLANG_WARN_INFINITE_RECURSION = YES;
				CLANG_WARN_INT_CONVERSION = YES;
				CLANG_WARN_NON_LITERAL_NULL_CONVERSION = YES;
				CLANG_WARN_OBJC_IMPLICIT_RETAIN_SELF = YES;
				CLANG_WARN_OBJC_LITERAL_CONVERSION = YES;
				CLANG_WARN_OBJC_ROOT_CLASS = YES_ERROR;
				CLANG_WARN_QUOTED_INCLUDE_IN_FRAMEWORK_HEADER = YES;
				CLANG_WARN_RANGE_LOOP_ANALYSIS = YES;
				CLANG_WARN_STRICT_PROTOTYPES = YES;
				CLANG_WARN_SUSPICIOUS_MOVE = YES;
				CLANG_WARN_UNGUARDED_AVAILABILITY = YES_AGGRESSIVE;
				CLANG_WARN_UNREACHABLE_CODE = YES;
				CLANG_WARN__DUPLICATE_METHOD_MATCH = YES;
				COPY_PHASE_STRIP = NO;
				DEBUG_INFORMATION_FORMAT = dwarf;
				ENABLE_STRICT_OBJC_MSGSEND = YES;
				ENABLE_TESTABILITY = YES;
				ENABLE_USER_SCRIPT_SANDBOXING = YES;
				GCC_C_LANGUAGE_STANDARD = gnu17;
				GCC_DYNAMIC_NO_PIC = NO;
				GCC_NO_COMMON_BLOCKS = YES;
				GCC_OPTIMIZATION_LEVEL = 0;
				GCC_PREPROCESSOR_DEFINITIONS = (
					"DEBUG=1",
					"$(inherited)",
				);
				GCC_WARN_64_TO_32_BIT_CONVERSION = YES;
				GCC_WARN_ABOUT_RETURN_TYPE = YES_ERROR;
				GCC_WARN_UNDECLARED_SELECTOR = YES;
				GCC_WARN_UNINITIALIZED_AUTOS = YES_AGGRESSIVE;
				GCC_WARN_UNUSED_FUNCTION = YES;
				GCC_WARN_UNUSED_VARIABLE = YES;
				LOCALIZATION_PREFERS_STRING_CATALOGS = YES;
				MACOSX_DEPLOYMENT_TARGET = 26.4;
				MTL_ENABLE_DEBUG_INFO = INCLUDE_SOURCE;
				MTL_FAST_MATH = YES;
				ONLY_ACTIVE_ARCH = YES;
				SDKROOT = macosx;
			};
			name = Debug;
		};
		EF38DF9B2FA13DE600F9DA7E /* Release */ = {
			isa = XCBuildConfiguration;
			buildSettings = {
				ALWAYS_SEARCH_USER_PATHS = NO;
				ASSETCATALOG_COMPILER_GENERATE_SWIFT_ASSET_SYMBOL_EXTENSIONS = YES;
				CLANG_ANALYZER_NONNULL = YES;
				CLANG_ANALYZER_NUMBER_OBJECT_CONVERSION = YES_AGGRESSIVE;
				CLANG_CXX_LANGUAGE_STANDARD = "gnu++20";
				CLANG_ENABLE_MODULES = YES;
				CLANG_ENABLE_OBJC_ARC = YES;
				CLANG_ENABLE_OBJC_WEAK = YES;
				CLANG_WARN_BLOCK_CAPTURE_AUTORELEASING = YES;
				CLANG_WARN_BOOL_CONVERSION = YES;
				CLANG_WARN_COMMA = YES;
				CLANG_WARN_CONSTANT_CONVERSION = YES;
				CLANG_WARN_DEPRECATED_OBJC_IMPLEMENTATIONS = YES;
				CLANG_WARN_DIRECT_OBJC_ISA_USAGE = YES_ERROR;
				CLANG_WARN_DOCUMENTATION_COMMENTS = YES;
				CLANG_WARN_EMPTY_BODY = YES;
				CLANG_WARN_ENUM_CONVERSION = YES;
				CLANG_WARN_INFINITE_RECURSION = YES;
				CLANG_WARN_INT_CONVERSION = YES;
				CLANG_WARN_NON_LITERAL_NULL_CONVERSION = YES;
				CLANG_WARN_OBJC_IMPLICIT_RETAIN_SELF = YES;
				CLANG_WARN_OBJC_LITERAL_CONVERSION = YES;
				CLANG_WARN_OBJC_ROOT_CLASS = YES_ERROR;
				CLANG_WARN_QUOTED_INCLUDE_IN_FRAMEWORK_HEADER = YES;
				CLANG_WARN_RANGE_LOOP_ANALYSIS = YES;
				CLANG_WARN_STRICT_PROTOTYPES = YES;
				CLANG_WARN_SUSPICIOUS_MOVE = YES;
				CLANG_WARN_UNGUARDED_AVAILABILITY = YES_AGGRESSIVE;
				CLANG_WARN_UNREACHABLE_CODE = YES;
				CLANG_WARN__DUPLICATE_METHOD_MATCH = YES;
				COPY_PHASE_STRIP = NO;
				DEBUG_INFORMATION_FORMAT = "dwarf-with-dsym";
				ENABLE_NS_ASSERTIONS = NO;
				ENABLE_STRICT_OBJC_MSGSEND = YES;
				ENABLE_USER_SCRIPT_SANDBOXING = YES;
				GCC_C_LANGUAGE_STANDARD = gnu17;
				GCC_NO_COMMON_BLOCKS = YES;
				GCC_WARN_64_TO_32_BIT_CONVERSION = YES;
				GCC_WARN_ABOUT_RETURN_TYPE = YES_ERROR;
				GCC_WARN_UNDECLARED_SELECTOR = YES;
				GCC_WARN_UNINITIALIZED_AUTOS = YES_AGGRESSIVE;
				GCC_WARN_UNUSED_FUNCTION = YES;
				GCC_WARN_UNUSED_VARIABLE = YES;
				LOCALIZATION_PREFERS_STRING_CATALOGS = YES;
				MACOSX_DEPLOYMENT_TARGET = 26.4;
				MTL_ENABLE_DEBUG_INFO = NO;
				MTL_FAST_MATH = YES;
				SDKROOT = macosx;
			};
			name = Release;
		};
		EF38DF9D2FA13DE600F9DA7E /* Debug */ = {
			isa = XCBuildConfiguration;
			buildSettings = {
				CLANG_ENABLE_OBJC_ARC = NO;
				CODE_SIGN_STYLE = Automatic;
				COMBINE_HIDPI_IMAGES = YES;
				CURRENT_PROJECT_VERSION = 1;
				FRAMEWORK_SEARCH_PATHS = /Users/rainbowhype/Desktop/MMF2Lib;
				GENERATE_INFOPLIST_FILE = YES;
				HEADER_SEARCH_PATHS = /Users/rainbowhype/Desktop/MMF2Lib/MMF2Lib.framework/Versions/A/Headers;
				INFOPLIST_KEY_NSHumanReadableCopyright = "";
				INFOPLIST_KEY_NSPrincipalClass = "";
				INSTALL_PATH = "$(LOCAL_LIBRARY_DIR)/Bundles";
				MACOSX_DEPLOYMENT_TARGET = 11.5;
				MARKETING_VERSION = 1.0.0.0;
				PRODUCT_BUNDLE_IDENTIFIER = com.RainbowHype.ext.commentor;
				PRODUCT_NAME = "$(TARGET_NAME)";
				SKIP_INSTALL = YES;
				STRING_CATALOG_GENERATE_SYMBOLS = YES;
				SWIFT_EMIT_LOC_STRINGS = YES;
				WRAPPER_EXTENSION = bundle;
			};
			name = Debug;
		};
		EF38DF9E2FA13DE600F9DA7E /* Release */ = {
			isa = XCBuildConfiguration;
			buildSettings = {
				CLANG_ENABLE_OBJC_ARC = NO;
				CODE_SIGN_STYLE = Automatic;
				COMBINE_HIDPI_IMAGES = YES;
				CURRENT_PROJECT_VERSION = 1;
				FRAMEWORK_SEARCH_PATHS = /Users/rainbowhype/Desktop/MMF2Lib;
				GENERATE_INFOPLIST_FILE = YES;
				HEADER_SEARCH_PATHS = /Users/rainbowhype/Desktop/MMF2Lib/MMF2Lib.framework/Versions/A/Headers;
				INFOPLIST_KEY_NSHumanReadableCopyright = "";
				INFOPLIST_KEY_NSPrincipalClass = "";
				INSTALL_PATH = "$(LOCAL_LIBRARY_DIR)/Bundles";
				MACOSX_DEPLOYMENT_TARGET = 11.5;
				MARKETING_VERSION = 1.0.0.0;
				ONLY_ACTIVE_ARCH = YES;
				PRODUCT_BUNDLE_IDENTIFIER = com.RainbowHype.ext.commentor;
				PRODUCT_NAME = "$(TARGET_NAME)";
				SKIP_INSTALL = YES;
				STRING_CATALOG_GENERATE_SYMBOLS = YES;
				SWIFT_EMIT_LOC_STRINGS = YES;
				WRAPPER_EXTENSION = bundle;
			};
			name = Release;
		};
/* End XCBuildConfiguration section */

/* Begin XCConfigurationList section */
		EF38DF932FA13DE600F9DA7E /* Build configuration list for PBXProject "commentor" */ = {
			isa = XCConfigurationList;
			buildConfigurations = (
				EF38DF9A2FA13DE600F9DA7E /* Debug */,
				EF38DF9B2FA13DE600F9DA7E /* Release */,
			);
			defaultConfigurationIsVisible = 0;
			defaultConfigurationName = Release;
		};
		EF38DF9C2FA13DE600F9DA7E /* Build configuration list for PBXNativeTarget "commentor" */ = {
			isa = XCConfigurationList;
			buildConfigurations = (
				EF38DF9D2FA13DE600F9DA7E /* Debug */,
				EF38DF9E2FA13DE600F9DA7E /* Release */,
			);
			defaultConfigurationIsVisible = 0;
			defaultConfigurationName = Release;
		};
/* End XCConfigurationList section */
	};
	rootObject = EF38DF902FA13DE600F9DA7E /* Project object */;
}
